// !$*UTF8*$!
{
	archiveVersion = 1;
	classes = {
	};
	objectVersion = 50;
	objects = {

/* Begin PBXBuildFile section */
		00E1DD4F2342FDB6002A3C6F /* AppDelegate.swift in Sources */ = {isa = PBXBuildFile; fileRef = 00E1DD4E2342FDB6002A3C6F /* AppDelegate.swift */; };
		00E1DD512342FDB6002A3C6F /* SceneDelegate.swift in Sources */ = {isa = PBXBuildFile; fileRef = 00E1DD502342FDB6002A3C6F /* SceneDelegate.swift */; };
		00E1DD532342FDB6002A3C6F /* ContentView.swift in Sources */ = {isa = PBXBuildFile; fileRef = 00E1DD522342FDB6002A3C6F /* ContentView.swift */; };
		00E1DD552342FDB8002A3C6F /* Assets.xcassets in Resources */ = {isa = PBXBuildFile; fileRef = 00E1DD542342FDB8002A3C6F /* Assets.xcassets */; };
		00E1DD582342FDB8002A3C6F /* Preview Assets.xcassets in Resources */ = {isa = PBXBuildFile; fileRef = 00E1DD572342FDB8002A3C6F /* Preview Assets.xcassets */; };
		00E1DD5B2342FDB8002A3C6F /* LaunchScreen.storyboard in Resources */ = {isa = PBXBuildFile; fileRef = 00E1DD592342FDB8002A3C6F /* LaunchScreen.storyboard */; };
		00E1DD632342FF77002A3C6F /* ListView.swift in Sources */ = {isa = PBXBuildFile; fileRef = 00E1DD622342FF77002A3C6F /* ListView.swift */; };
		00E1DD6523430149002A3C6F /* SomeView.swift in Sources */ = {isa = PBXBuildFile; fileRef = 00E1DD6423430149002A3C6F /* SomeView.swift */; };
/* End PBXBuildFile section */

/* Begin PBXFileReference section */
		00E1DD4B2342FDB6002A3C6F /* TabView List.app */ = {isa = PBXFileReference; explicitFileType = wrapper.application; includeInIndex = 0; path = "TabView List.app"; sourceTree = BUILT_PRODUCTS_DIR; };
		00E1DD4E2342FDB6002A3C6F /* AppDelegate.swift */ = {isa = PBXFileReference; lastKnownFileType = sourcecode.swift; path = AppDelegate.swift; sourceTree = "<group>"; };
		00E1DD502342FDB6002A3C6F /* SceneDelegate.swift */ = {isa = PBXFileReference; lastKnownFileType = sourcecode.swift; path = SceneDelegate.swift; sourceTree = "<group>"; };
		00E1DD522342FDB6002A3C6F /* ContentView.swift */ = {isa = PBXFileReference; lastKnownFileType = sourcecode.swift; path = ContentView.swift; sourceTree = "<group>"; };
		00E1DD542342FDB8002A3C6F /* Assets.xcassets */ = {isa = PBXFileReference; lastKnownFileType = folder.assetcatalog; path = Assets.xcassets; sourceTree = "<group>"; };
		00E1DD572342FDB8002A3C6F /* Preview Assets.xcassets */ = {isa = PBXFileReference; lastKnownFileType = folder.assetcatalog; path = "Preview Assets.xcassets"; sourceTree = "<group>"; };
		00E1DD5A2342FDB8002A3C6F /* Base */ = {isa = PBXFileReference; lastKnownFileType = file.storyboard; name = Base; path = Base.lproj/LaunchScreen.storyboard; sourceTree = "<group>"; };
		00E1DD5C2342FDB8002A3C6F /* Info.plist */ = {isa = PBXFileReference; lastKnownFileType = text.plist.xml; path = Info.plist; sourceTree = "<group>"; };
		00E1DD622342FF77002A3C6F /* ListView.swift */ = {isa = PBXFileReference; lastKnownFileType = sourcecode.swift; path = ListView.swift; sourceTree = "<group>"; };
		00E1DD6423430149002A3C6F /* SomeView.swift */ = {isa = PBXFileReference; lastKnownFileType = sourcecode.swift; path = SomeView.swift; sourceTree = "<group>"; };
/* End PBXFileReference section */

/* Begin PBXFrameworksBuildPhase section */
		00E1DD482342FDB6002A3C6F /* Frameworks */ = {
			isa = PBXFrameworksBuildPhase;
			buildActionMask = 2147483647;
			files = (
			);
			runOnlyForDeploymentPostprocessing = 0;
		};
/* End PBXFrameworksBuildPhase section */

/* Begin PBXGroup section */
		00E1DD422342FDB6002A3C6F = {
			isa = PBXGroup;
			children = (
				00E1DD4D2342FDB6002A3C6F /* TabView List */,
				00E1DD4C2342FDB6002A3C6F /* Products */,
			);
			sourceTree = "<group>";
		};
		00E1DD4C2342FDB6002A3C6F /* Products */ = {
			isa = PBXGroup;
			children = (
				00E1DD4B2342FDB6002A3C6F /* TabView List.app */,
			);
			name = Products;
			sourceTree = "<group>";
		};
		00E1DD4D2342FDB6002A3C6F /* TabView List */ = {
			isa = PBXGroup;
			children = (
				00E1DD4E2342FDB6002A3C6F /* AppDelegate.swift */,
				00E1DD502342FDB6002A3C6F /* SceneDelegate.swift */,
				00E1DD522342FDB6002A3C6F /* ContentView.swift */,
				00E1DD622342FF77002A3C6F /* ListView.swift */,
				00E1DD6423430149002A3C6F /* SomeView.swift */,
				00E1DD542342FDB8002A3C6F /* Assets.xcassets */,
				00E1DD592342FDB8002A3C6F /* LaunchScreen.storyboard */,
				00E1DD5C2342FDB8002A3C6F /* Info.plist */,
				00E1DD562342FDB8002A3C6F /* Preview Content */,
			);
			path = "TabView List";
			sourceTree = "<group>";
		};
		00E1DD562342FDB8002A3C6F /* Preview Content */ = {
			isa = PBXGroup;
			children = (
				00E1DD572342FDB8002A3C6F /* Preview Assets.xcassets */,
			);
			path = "Preview Content";
			sourceTree = "<group>";
		};
/* End PBXGroup section */

/* Begin PBXNativeTarget section */
		00E1DD4A2342FDB6002A3C6F /* TabView List */ = {
			isa = PBXNativeTarget;
			buildConfigurationList = 00E1DD5F2342FDB8002A3C6F /* Build configuration list for PBXNativeTarget "TabView List" */;
			buildPhases = (
				00E1DD472342FDB6002A3C6F /* Sources */,
				00E1DD482342FDB6002A3C6F /* Frameworks */,
				00E1DD492342FDB6002A3C6F /* Resources */,
			);
			buildRules = (
			);
			dependencies = (
			);
			name = "TabView List";
			productName = "TabView List";
			productReference = 00E1DD4B2342FDB6002A3C6F /* TabView List.app */;
			productType = "com.apple.product-type.application";
		};
/* End PBXNativeTarget section */

/* Begin PBXProject section */
		00E1DD432342FDB6002A3C6F /* Project object */ = {
			isa = PBXProject;
			attributes = {
				LastSwiftUpdateCheck = 1100;
				LastUpgradeCheck = 1100;
				ORGANIZATIONNAME = "Caleb Wells";
				TargetAttributes = {
					00E1DD4A2342FDB6002A3C6F = {
						CreatedOnToolsVersion = 11.0;
					};
				};
			};
			buildConfigurationList = 00E1DD462342FDB6002A3C6F /* Build configuration list for PBXProject "TabView List" */;
			compatibilityVersion = "Xcode 9.3";
			developmentRegion = en;
			hasScannedForEncodings = 0;
			knownRegions = (
				en,
				Base,
			);
			mainGroup = 00E1DD422342FDB6002A3C6F;
			productRefGroup = 00E1DD4C2342FDB6002A3C6F /* Products */;
			projectDirPath = "";
			projectRoot = "";
			targets = (
				00E1DD4A2342FDB6002A3C6F /* TabView List */,
			);
		};
/* End PBXProject section */

/* Begin PBXResourcesBuildPhase section */
		00E1DD492342FDB6002A3C6F /* Resources */ = {
			isa = PBXResourcesBuildPhase;
			buildActionMask = 2147483647;
			files = (
				00E1DD5B2342FDB8002A3C6F /* LaunchScreen.storyboard in Resources */,
				00E1DD582342FDB8002A3C6F /* Preview Assets.xcassets in Resources */,
				00E1DD552342FDB8002A3C6F /* Assets.xcassets in Resources */,
			);
			runOnlyForDeploymentPostprocessing = 0;
		};
/* End PBXResourcesBuildPhase section */

/* Begin PBXSourcesBuildPhase section */
		00E1DD472342FDB6002A3C6F /* Sources */ = {
			isa = PBXSourcesBuildPhase;
			buildActionMask = 2147483647;
			files = (
				00E1DD632342FF77002A3C6F /* ListView.swift in Sources */,
				00E1DD4F2342FDB6002A3C6F /* AppDelegate.swift in Sources */,
				00E1DD512342FDB6002A3C6F /* SceneDelegate.swift in Sources */,
				00E1DD532342FDB6002A3C6F /* ContentView.swift in Sources */,
				00E1DD6523430149002A3C6F /* SomeView.swift in Sources */,
			);
			runOnlyForDeploymentPostprocessing = 0;
		};
/* End PBXSourcesBuildPhase section */

/* Begin PBXVariantGroup section */
		00E1DD592342FDB8002A3C6F /* LaunchScreen.storyboard */ = {
			isa = PBXVariantGroup;
			children = (
				00E1DD5A2342FDB8002A3C6F /* Base */,
			);
			name = LaunchScreen.storyboard;
			sourceTree = "<group>";
		};
/* End PBXVariantGroup section */

/* Begin XCBuildConfiguration section */
		00E1DD5D2342FDB8002A3C6F /* Debug */ = {
			isa = XCBuildConfiguration;
			buildSettings = {
				ALWAYS_SEARCH_USER_PATHS = NO;
				CLANG_ANALYZER_NONNULL = YES;
				CLANG_ANALYZER_NUMBER_OBJECT_CONVERSION = YES_AGGRESSIVE;
				CLANG_CXX_LANGUAGE_STANDARD = "gnu++14";
				CLANG_CXX_LIBRARY = "libc++";
				CLANG_ENABLE_MODULES = YES;
				CLANG_ENABLE_OBJC_ARC = YES;
				CLANG_ENABLE_OBJC_WEAK = YES;
				CLANG_WARN_BLOCK_CAPTURE_AUTORELEASING = YES;
				CLANG_WARN_BOOL_CONVERSION = YES;
				CLANG_WARN_COMMA = YES;
				CLANG_WARN_CONSTANT_CONVERSION = YES;
				CLANG_WARN_DEPRECATED_OBJC_IMPLEMENTATIONS = YES;
				CLANG_WARN_DIRECT_OBJC_ISA_USAGE = YES_ERROR;
				CLANG_WARN_DOCUMENTATION_COMMENTS = YES;
				CLANG_WARN_EMPTY_BODY = YES;
				CLANG_WARN_ENUM_CONVERSION = YES;
				CLANG_WARN_INFINITE_RECURSION = YES;
				CLANG_WARN_INT_CONVERSION = YES;
				CLANG_WARN_NON_LITERAL_NULL_CONVERSION = YES;
				CLANG_WARN_OBJC_IMPLICIT_RETAIN_SELF = YES;
				CLANG_WARN_OBJC_LITERAL_CONVERSION = YES;
				CLANG_WARN_OBJC_ROOT_CLASS = YES_ERROR;
				CLANG_WARN_RANGE_LOOP_ANALYSIS = YES;
				CLANG_WARN_STRICT_PROTOTYPES = YES;
				CLANG_WARN_SUSPICIOUS_MOVE = YES;
				CLANG_WARN_UNGUARDED_AVAILABILITY = YES_AGGRESSIVE;
				CLANG_WARN_UNREACHABLE_CODE = YES;
				CLANG_WARN__DUPLICATE_METHOD_MATCH = YES;
				COPY_PHASE_STRIP = NO;
				DEBUG_INFORMATION_FORMAT = dwarf;
				ENABLE_STRICT_OBJC_MSGSEND = YES;
				ENABLE_TESTABILITY = YES;
				GCC_C_LANGUAGE_STANDARD = gnu11;
				GCC_DYNAMIC_NO_PIC = NO;
				GCC_NO_COMMON_BLOCKS = YES;
				GCC_OPTIMIZATION_LEVEL = 0;
				GCC_PREPROCESSOR_DEFINITIONS = (
					"DEBUG=1",
					"$(inherited)",
				);
				GCC_WARN_64_TO_32_BIT_CONVERSION = YES;
				GCC_WARN_ABOUT_RETURN_TYPE = YES_ERROR;
				GCC_WARN_UNDECLARED_SELECTOR = YES;
				GCC_WARN_UNINITIALIZED_AUTOS = YES_AGGRESSIVE;
				GCC_WARN_UNUSED_FUNCTION = YES;
				GCC_WARN_UNUSED_VARIABLE = YES;
				IPHONEOS_DEPLOYMENT_TARGET = 13.0;
				MTL_ENABLE_DEBUG_INFO = INCLUDE_SOURCE;
				MTL_FAST_MATH = YES;
				ONLY_ACTIVE_ARCH = YES;
				SDKROOT = iphoneos;
				SWIFT_ACTIVE_COMPILATION_CONDITIONS = DEBUG;
				SWIFT_OPTIMIZATION_LEVEL = "-Onone";
			};
			name = Debug;
		};
		00E1DD5E2342FDB8002A3C6F /* Release */ = {
			isa = XCBuildConfiguration;
			buildSettings = {
				ALWAYS_SEARCH_USER_PATHS = NO;
				CLANG_ANALYZER_NONNULL = YES;
				CLANG_ANALYZER_NUMBER_OBJECT_CONVERSION = YES_AGGRESSIVE;
				CLANG_CXX_LANGUAGE_STANDARD = "gnu++14";
				CLANG_CXX_LIBRARY = "libc++";
				CLANG_ENABLE_MODULES = YES;
				CLANG_ENABLE_OBJC_ARC = YES;
				CLANG_ENABLE_OBJC_WEAK = YES;
				CLANG_WARN_BLOCK_CAPTURE_AUTORELEASING = YES;
				CLANG_WARN_BOOL_CONVERSION = YES;
				CLANG_WARN_COMMA = YES;
				CLANG_WARN_CONSTANT_CONVERSION = YES;
				CLANG_WARN_DEPRECATED_OBJC_IMPLEMENTATIONS = YES;
				CLANG_WARN_DIRECT_OBJC_ISA_USAGE = YES_ERROR;
				CLANG_WARN_DOCUMENTATION_COMMENTS = YES;
				CLANG_WARN_EMPTY_BODY = YES;
				CLANG_WARN_ENUM_CONVERSION = YES;
				CLANG_WARN_INFINITE_RECURSION = YES;
				CLANG_WARN_INT_CONVERSION = YES;
				CLANG_WARN_NON_LITERAL_NULL_CONVERSION = YES;
				CLANG_WARN_OBJC_IMPLICIT_RETAIN_SELF = YES;
				CLANG_WARN_OBJC_LITERAL_CONVERSION = YES;
				CLANG_WARN_OBJC_ROOT_CLASS = YES_ERROR;
				CLANG_WARN_RANGE_LOOP_ANALYSIS = YES;
				CLANG_WARN_STRICT_PROTOTYPES = YES;
				CLANG_WARN_SUSPICIOUS_MOVE = YES;
				CLANG_WARN_UNGUARDED_AVAILABILITY = YES_AGGRESSIVE;
				CLANG_WARN_UNREACHABLE_CODE = YES;
				CLANG_WARN__DUPLICATE_METHOD_MATCH = YES;
				COPY_PHASE_STRIP = NO;
				DEBUG_INFORMATION_FORMAT = "dwarf-with-dsym";
				ENABLE_NS_ASSERTIONS = NO;
				ENABLE_STRICT_OBJC_MSGSEND = YES;
				GCC_C_LANGUAGE_STANDARD = gnu11;
				GCC_NO_COMMON_BLOCKS = YES;
				GCC_WARN_64_TO_32_BIT_CONVERSION = YES;
				GCC_WARN_ABOUT_RETURN_TYPE = YES_ERROR;
				GCC_WARN_UNDECLARED_SELECTOR = YES;
				GCC_WARN_UNINITIALIZED_AUTOS = YES_AGGRESSIVE;
				GCC_WARN_UNUSED_FUNCTION = YES;
				GCC_WARN_UNUSED_VARIABLE = YES;
				IPHONEOS_DEPLOYMENT_TARGET = 13.0;
				MTL_ENABLE_DEBUG_INFO = NO;
				MTL_FAST_MATH = YES;
				SDKROOT = iphoneos;
				SWIFT_COMPILATION_MODE = wholemodule;
				SWIFT_OPTIMIZATION_LEVEL = "-O";
				VALIDATE_PRODUCT = YES;
			};
			name = Release;
		};
		00E1DD602342FDB8002A3C6F /* Debug */ = {
			isa = XCBuildConfiguration;
			buildSettings = {
				ASSETCATALOG_COMPILER_APPICON_NAME = AppIcon;
				CODE_SIGN_STYLE = Automatic;
				DEVELOPMENT_ASSET_PATHS = "\"TabView List/Preview Content\"";
				DEVELOPMENT_TEAM = 33NUGZ4GWE;
				ENABLE_PREVIEWS = YES;
				INFOPLIST_FILE = "TabView List/Info.plist";
				LD_RUNPATH_SEARCH_PATHS = (
					"$(inherited)",
					"@executable_path/Frameworks",
				);
				PRODUCT_BUNDLE_IDENTIFIER = "match-3D.match-3D.TabView-List";
				PRODUCT_NAME = "$(TARGET_NAME)";
				SWIFT_VERSION = 5.0;
				TARGETED_DEVICE_FAMILY = "1,2";
			};
			name = Debug;
		};
		00E1DD612342FDB8002A3C6F /* Release */ = {
			isa = XCBuildConfiguration;
			buildSettings = {
				ASSETCATALOG_COMPILER_APPICON_NAME = AppIcon;
				CODE_SIGN_STYLE = Automatic;
				DEVELOPMENT_ASSET_PATHS = "\"TabView List/Preview Content\"";
				DEVELOPMENT_TEAM = 33NUGZ4GWE;
				ENABLE_PREVIEWS = YES;
				INFOPLIST_FILE = "TabView List/Info.plist";
				LD_RUNPATH_SEARCH_PATHS = (
					"$(inherited)",
					"@executable_path/Frameworks",
				);
				PRODUCT_BUNDLE_IDENTIFIER = "match-3D.match-3D.TabView-List";
				PRODUCT_NAME = "$(TARGET_NAME)";
				SWIFT_VERSION = 5.0;
				TARGETED_DEVICE_FAMILY = "1,2";
			};
			name = Release;
		};
/* End XCBuildConfiguration section */

/* Begin XCConfigurationList section */
		00E1DD462342FDB6002A3C6F /* Build configuration list for PBXProject "TabView List" */ = {
			isa = XCConfigurationList;
			buildConfigurations = (
				00E1DD5D2342FDB8002A3C6F /* Debug */,
				00E1DD5E2342FDB8002A3C6F /* Release */,
			);
			defaultConfigurationIsVisible = 0;
			defaultConfigurationName = Release;
		};
		00E1DD5F2342FDB8002A3C6F /* Build configuration list for PBXNativeTarget "TabView List" */ = {
			isa = XCConfigurationList;
			buildConfigurations = (
				00E1DD602342FDB8002A3C6F /* Debug */,
				00E1DD612342FDB8002A3C6F /* Release */,
			);
			defaultConfigurationIsVisible = 0;
			defaultConfigurationName = Release;
		};
/* End XCConfigurationList section */
	};
	rootObject = 00E1DD432342FDB6002A3C6F /* Project object */;
}
