// !$*UTF8*$!
{
	archiveVersion = 1;
	classes = {
	};
	objectVersion = 50;
	objects = {

/* Begin PBXBuildFile section */
		00A4018C235EBE4500F0AB1D /* AppDelegate.swift in Sources */ = {isa = PBXBuildFile; fileRef = 00A4018B235EBE4500F0AB1D /* AppDelegate.swift */; };
		00A4018E235EBE4500F0AB1D /* SceneDelegate.swift in Sources */ = {isa = PBXBuildFile; fileRef = 00A4018D235EBE4500F0AB1D /* SceneDelegate.swift */; };
		00A40190235EBE4500F0AB1D /* ContentView.swift in Sources */ = {isa = PBXBuildFile; fileRef = 00A4018F235EBE4500F0AB1D /* ContentView.swift */; };
		00A40192235EBE4600F0AB1D /* Assets.xcassets in Resources */ = {isa = PBXBuildFile; fileRef = 00A40191235EBE4600F0AB1D /* Assets.xcassets */; };
		00A40195235EBE4600F0AB1D /* Preview Assets.xcassets in Resources */ = {isa = PBXBuildFile; fileRef = 00A40194235EBE4600F0AB1D /* Preview Assets.xcassets */; };
		00A40198235EBE4600F0AB1D /* LaunchScreen.storyboard in Resources */ = {isa = PBXBuildFile; fileRef = 00A40196235EBE4600F0AB1D /* LaunchScreen.storyboard */; };
		00A401A0235EC34300F0AB1D /* TopView.swift in Sources */ = {isa = PBXBuildFile; fileRef = 00A4019F235EC34300F0AB1D /* TopView.swift */; };
		00A401A2235EC86600F0AB1D /* XPBarView.swift in Sources */ = {isa = PBXBuildFile; fileRef = 00A401A1235EC86600F0AB1D /* XPBarView.swift */; };
		00A401A4235ECBD400F0AB1D /* DateSelectView.swift in Sources */ = {isa = PBXBuildFile; fileRef = 00A401A3235ECBD400F0AB1D /* DateSelectView.swift */; };
		00A401A6235ED32C00F0AB1D /* CardView.swift in Sources */ = {isa = PBXBuildFile; fileRef = 00A401A5235ED32C00F0AB1D /* CardView.swift */; };
/* End PBXBuildFile section */

/* Begin PBXFileReference section */
		00A40188235EBE4500F0AB1D /* SwiftUI Fun.app */ = {isa = PBXFileReference; explicitFileType = wrapper.application; includeInIndex = 0; path = "SwiftUI Fun.app"; sourceTree = BUILT_PRODUCTS_DIR; };
		00A4018B235EBE4500F0AB1D /* AppDelegate.swift */ = {isa = PBXFileReference; lastKnownFileType = sourcecode.swift; path = AppDelegate.swift; sourceTree = "<group>"; };
		00A4018D235EBE4500F0AB1D /* SceneDelegate.swift */ = {isa = PBXFileReference; lastKnownFileType = sourcecode.swift; path = SceneDelegate.swift; sourceTree = "<group>"; };
		00A4018F235EBE4500F0AB1D /* ContentView.swift */ = {isa = PBXFileReference; lastKnownFileType = sourcecode.swift; path = ContentView.swift; sourceTree = "<group>"; };
		00A40191235EBE4600F0AB1D /* Assets.xcassets */ = {isa = PBXFileReference; lastKnownFileType = folder.assetcatalog; path = Assets.xcassets; sourceTree = "<group>"; };
		00A40194235EBE4600F0AB1D /* Preview Assets.xcassets */ = {isa = PBXFileReference; lastKnownFileType = folder.assetcatalog; path = "Preview Assets.xcassets"; sourceTree = "<group>"; };
		00A40197235EBE4600F0AB1D /* Base */ = {isa = PBXFileReference; lastKnownFileType = file.storyboard; name = Base; path = Base.lproj/LaunchScreen.storyboard; sourceTree = "<group>"; };
		00A40199235EBE4600F0AB1D /* Info.plist */ = {isa = PBXFileReference; lastKnownFileType = text.plist.xml; path = Info.plist; sourceTree = "<group>"; };
		00A4019F235EC34300F0AB1D /* TopView.swift */ = {isa = PBXFileReference; lastKnownFileType = sourcecode.swift; path = TopView.swift; sourceTree = "<group>"; };
		00A401A1235EC86600F0AB1D /* XPBarView.swift */ = {isa = PBXFileReference; lastKnownFileType = sourcecode.swift; path = XPBarView.swift; sourceTree = "<group>"; };
		00A401A3235ECBD400F0AB1D /* DateSelectView.swift */ = {isa = PBXFileReference; lastKnownFileType = sourcecode.swift; path = DateSelectView.swift; sourceTree = "<group>"; };
		00A401A5235ED32C00F0AB1D /* CardView.swift */ = {isa = PBXFileReference; lastKnownFileType = sourcecode.swift; path = CardView.swift; sourceTree = "<group>"; };
/* End PBXFileReference section */

/* Begin PBXFrameworksBuildPhase section */
		00A40185235EBE4500F0AB1D /* Frameworks */ = {
			isa = PBXFrameworksBuildPhase;
			buildActionMask = 2147483647;
			files = (
			);
			runOnlyForDeploymentPostprocessing = 0;
		};
/* End PBXFrameworksBuildPhase section */

/* Begin PBXGroup section */
		00A4017F235EBE4500F0AB1D = {
			isa = PBXGroup;
			children = (
				00A4018A235EBE4500F0AB1D /* SwiftUI Fun */,
				00A40189235EBE4500F0AB1D /* Products */,
			);
			sourceTree = "<group>";
		};
		00A40189235EBE4500F0AB1D /* Products */ = {
			isa = PBXGroup;
			children = (
				00A40188235EBE4500F0AB1D /* SwiftUI Fun.app */,
			);
			name = Products;
			sourceTree = "<group>";
		};
		00A4018A235EBE4500F0AB1D /* SwiftUI Fun */ = {
			isa = PBXGroup;
			children = (
				00A4018B235EBE4500F0AB1D /* AppDelegate.swift */,
				00A4018D235EBE4500F0AB1D /* SceneDelegate.swift */,
				00A4018F235EBE4500F0AB1D /* ContentView.swift */,
				00A4019F235EC34300F0AB1D /* TopView.swift */,
				00A401A1235EC86600F0AB1D /* XPBarView.swift */,
				00A401A3235ECBD400F0AB1D /* DateSelectView.swift */,
				00A401A5235ED32C00F0AB1D /* CardView.swift */,
				00A40191235EBE4600F0AB1D /* Assets.xcassets */,
				00A40196235EBE4600F0AB1D /* LaunchScreen.storyboard */,
				00A40199235EBE4600F0AB1D /* Info.plist */,
				00A40193235EBE4600F0AB1D /* Preview Content */,
			);
			path = "SwiftUI Fun";
			sourceTree = "<group>";
		};
		00A40193235EBE4600F0AB1D /* Preview Content */ = {
			isa = PBXGroup;
			children = (
				00A40194235EBE4600F0AB1D /* Preview Assets.xcassets */,
			);
			path = "Preview Content";
			sourceTree = "<group>";
		};
/* End PBXGroup section */

/* Begin PBXNativeTarget section */
		00A40187235EBE4500F0AB1D /* SwiftUI Fun */ = {
			isa = PBXNativeTarget;
			buildConfigurationList = 00A4019C235EBE4600F0AB1D /* Build configuration list for PBXNativeTarget "SwiftUI Fun" */;
			buildPhases = (
				00A40184235EBE4500F0AB1D /* Sources */,
				00A40185235EBE4500F0AB1D /* Frameworks */,
				00A40186235EBE4500F0AB1D /* Resources */,
			);
			buildRules = (
			);
			dependencies = (
			);
			name = "SwiftUI Fun";
			productName = "SwiftUI Fun";
			productReference = 00A40188235EBE4500F0AB1D /* SwiftUI Fun.app */;
			productType = "com.apple.product-type.application";
		};
/* End PBXNativeTarget section */

/* Begin PBXProject section */
		00A40180235EBE4500F0AB1D /* Project object */ = {
			isa = PBXProject;
			attributes = {
				LastSwiftUpdateCheck = 1110;
				LastUpgradeCheck = 1110;
				ORGANIZATIONNAME = "Caleb Wells";
				TargetAttributes = {
					00A40187235EBE4500F0AB1D = {
						CreatedOnToolsVersion = 11.1;
					};
				};
			};
			buildConfigurationList = 00A40183235EBE4500F0AB1D /* Build configuration list for PBXProject "SwiftUI Fun" */;
			compatibilityVersion = "Xcode 9.3";
			developmentRegion = en;
			hasScannedForEncodings = 0;
			knownRegions = (
				en,
				Base,
			);
			mainGroup = 00A4017F235EBE4500F0AB1D;
			productRefGroup = 00A40189235EBE4500F0AB1D /* Products */;
			projectDirPath = "";
			projectRoot = "";
			targets = (
				00A40187235EBE4500F0AB1D /* SwiftUI Fun */,
			);
		};
/* End PBXProject section */

/* Begin PBXResourcesBuildPhase section */
		00A40186235EBE4500F0AB1D /* Resources */ = {
			isa = PBXResourcesBuildPhase;
			buildActionMask = 2147483647;
			files = (
				00A40198235EBE4600F0AB1D /* LaunchScreen.storyboard in Resources */,
				00A40195235EBE4600F0AB1D /* Preview Assets.xcassets in Resources */,
				00A40192235EBE4600F0AB1D /* Assets.xcassets in Resources */,
			);
			runOnlyForDeploymentPostprocessing = 0;
		};
/* End PBXResourcesBuildPhase section */

/* Begin PBXSourcesBuildPhase section */
		00A40184235EBE4500F0AB1D /* Sources */ = {
			isa = PBXSourcesBuildPhase;
			buildActionMask = 2147483647;
			files = (
				00A401A6235ED32C00F0AB1D /* CardView.swift in Sources */,
				00A4018C235EBE4500F0AB1D /* AppDelegate.swift in Sources */,
				00A4018E235EBE4500F0AB1D /* SceneDelegate.swift in Sources */,
				00A401A4235ECBD400F0AB1D /* DateSelectView.swift in Sources */,
				00A401A0235EC34300F0AB1D /* TopView.swift in Sources */,
				00A40190235EBE4500F0AB1D /* ContentView.swift in Sources */,
				00A401A2235EC86600F0AB1D /* XPBarView.swift in Sources */,
			);
			runOnlyForDeploymentPostprocessing = 0;
		};
/* End PBXSourcesBuildPhase section */

/* Begin PBXVariantGroup section */
		00A40196235EBE4600F0AB1D /* LaunchScreen.storyboard */ = {
			isa = PBXVariantGroup;
			children = (
				00A40197235EBE4600F0AB1D /* Base */,
			);
			name = LaunchScreen.storyboard;
			sourceTree = "<group>";
		};
/* End PBXVariantGroup section */

/* Begin XCBuildConfiguration section */
		00A4019A235EBE4600F0AB1D /* Debug */ = {
			isa = XCBuildConfiguration;
			buildSettings = {
				ALWAYS_SEARCH_USER_PATHS = NO;
				CLANG_ANALYZER_NONNULL = YES;
				CLANG_ANALYZER_NUMBER_OBJECT_CONVERSION = YES_AGGRESSIVE;
				CLANG_CXX_LANGUAGE_STANDARD = "gnu++14";
				CLANG_CXX_LIBRARY = "libc++";
				CLANG_ENABLE_MODULES = YES;
				CLANG_ENABLE_OBJC_ARC = YES;
				CLANG_ENABLE_OBJC_WEAK = YES;
				CLANG_WARN_BLOCK_CAPTURE_AUTORELEASING = YES;
				CLANG_WARN_BOOL_CONVERSION = YES;
				CLANG_WARN_COMMA = YES;
				CLANG_WARN_CONSTANT_CONVERSION = YES;
				CLANG_WARN_DEPRECATED_OBJC_IMPLEMENTATIONS = YES;
				CLANG_WARN_DIRECT_OBJC_ISA_USAGE = YES_ERROR;
				CLANG_WARN_DOCUMENTATION_COMMENTS = YES;
				CLANG_WARN_EMPTY_BODY = YES;
				CLANG_WARN_ENUM_CONVERSION = YES;
				CLANG_WARN_INFINITE_RECURSION = YES;
				CLANG_WARN_INT_CONVERSION = YES;
				CLANG_WARN_NON_LITERAL_NULL_CONVERSION = YES;
				CLANG_WARN_OBJC_IMPLICIT_RETAIN_SELF = YES;
				CLANG_WARN_OBJC_LITERAL_CONVERSION = YES;
				CLANG_WARN_OBJC_ROOT_CLASS = YES_ERROR;
				CLANG_WARN_RANGE_LOOP_ANALYSIS = YES;
				CLANG_WARN_STRICT_PROTOTYPES = YES;
				CLANG_WARN_SUSPICIOUS_MOVE = YES;
				CLANG_WARN_UNGUARDED_AVAILABILITY = YES_AGGRESSIVE;
				CLANG_WARN_UNREACHABLE_CODE = YES;
				CLANG_WARN__DUPLICATE_METHOD_MATCH = YES;
				COPY_PHASE_STRIP = NO;
				DEBUG_INFORMATION_FORMAT = dwarf;
				ENABLE_STRICT_OBJC_MSGSEND = YES;
				ENABLE_TESTABILITY = YES;
				GCC_C_LANGUAGE_STANDARD = gnu11;
				GCC_DYNAMIC_NO_PIC = NO;
				GCC_NO_COMMON_BLOCKS = YES;
				GCC_OPTIMIZATION_LEVEL = 0;
				GCC_PREPROCESSOR_DEFINITIONS = (
					"DEBUG=1",
					"$(inherited)",
				);
				GCC_WARN_64_TO_32_BIT_CONVERSION = YES;
				GCC_WARN_ABOUT_RETURN_TYPE = YES_ERROR;
				GCC_WARN_UNDECLARED_SELECTOR = YES;
				GCC_WARN_UNINITIALIZED_AUTOS = YES_AGGRESSIVE;
				GCC_WARN_UNUSED_FUNCTION = YES;
				GCC_WARN_UNUSED_VARIABLE = YES;
				IPHONEOS_DEPLOYMENT_TARGET = 13.1;
				MTL_ENABLE_DEBUG_INFO = INCLUDE_SOURCE;
				MTL_FAST_MATH = YES;
				ONLY_ACTIVE_ARCH = YES;
				SDKROOT = iphoneos;
				SWIFT_ACTIVE_COMPILATION_CONDITIONS = DEBUG;
				SWIFT_OPTIMIZATION_LEVEL = "-Onone";
			};
			name = Debug;
		};
		00A4019B235EBE4600F0AB1D /* Release */ = {
			isa = XCBuildConfiguration;
			buildSettings = {
				ALWAYS_SEARCH_USER_PATHS = NO;
				CLANG_ANALYZER_NONNULL = YES;
				CLANG_ANALYZER_NUMBER_OBJECT_CONVERSION = YES_AGGRESSIVE;
				CLANG_CXX_LANGUAGE_STANDARD = "gnu++14";
				CLANG_CXX_LIBRARY = "libc++";
				CLANG_ENABLE_MODULES = YES;
				CLANG_ENABLE_OBJC_ARC = YES;
				CLANG_ENABLE_OBJC_WEAK = YES;
				CLANG_WARN_BLOCK_CAPTURE_AUTORELEASING = YES;
				CLANG_WARN_BOOL_CONVERSION = YES;
				CLANG_WARN_COMMA = YES;
				CLANG_WARN_CONSTANT_CONVERSION = YES;
				CLANG_WARN_DEPRECATED_OBJC_IMPLEMENTATIONS = YES;
				CLANG_WARN_DIRECT_OBJC_ISA_USAGE = YES_ERROR;
				CLANG_WARN_DOCUMENTATION_COMMENTS = YES;
				CLANG_WARN_EMPTY_BODY = YES;
				CLANG_WARN_ENUM_CONVERSION = YES;
				CLANG_WARN_INFINITE_RECURSION = YES;
				CLANG_WARN_INT_CONVERSION = YES;
				CLANG_WARN_NON_LITERAL_NULL_CONVERSION = YES;
				CLANG_WARN_OBJC_IMPLICIT_RETAIN_SELF = YES;
				CLANG_WARN_OBJC_LITERAL_CONVERSION = YES;
				CLANG_WARN_OBJC_ROOT_CLASS = YES_ERROR;
				CLANG_WARN_RANGE_LOOP_ANALYSIS = YES;
				CLANG_WARN_STRICT_PROTOTYPES = YES;
				CLANG_WARN_SUSPICIOUS_MOVE = YES;
				CLANG_WARN_UNGUARDED_AVAILABILITY = YES_AGGRESSIVE;
				CLANG_WARN_UNREACHABLE_CODE = YES;
				CLANG_WARN__DUPLICATE_METHOD_MATCH = YES;
				COPY_PHASE_STRIP = NO;
				DEBUG_INFORMATION_FORMAT = "dwarf-with-dsym";
				ENABLE_NS_ASSERTIONS = NO;
				ENABLE_STRICT_OBJC_MSGSEND = YES;
				GCC_C_LANGUAGE_STANDARD = gnu11;
				GCC_NO_COMMON_BLOCKS = YES;
				GCC_WARN_64_TO_32_BIT_CONVERSION = YES;
				GCC_WARN_ABOUT_RETURN_TYPE = YES_ERROR;
				GCC_WARN_UNDECLARED_SELECTOR = YES;
				GCC_WARN_UNINITIALIZED_AUTOS = YES_AGGRESSIVE;
				GCC_WARN_UNUSED_FUNCTION = YES;
				GCC_WARN_UNUSED_VARIABLE = YES;
				IPHONEOS_DEPLOYMENT_TARGET = 13.1;
				MTL_ENABLE_DEBUG_INFO = NO;
				MTL_FAST_MATH = YES;
				SDKROOT = iphoneos;
				SWIFT_COMPILATION_MODE = wholemodule;
				SWIFT_OPTIMIZATION_LEVEL = "-O";
				VALIDATE_PRODUCT = YES;
			};
			name = Release;
		};
		00A4019D235EBE4600F0AB1D /* Debug */ = {
			isa = XCBuildConfiguration;
			buildSettings = {
				ASSETCATALOG_COMPILER_APPICON_NAME = AppIcon;
				CODE_SIGN_STYLE = Automatic;
				DEVELOPMENT_ASSET_PATHS = "\"SwiftUI Fun/Preview Content\"";
				DEVELOPMENT_TEAM = 33NUGZ4GWE;
				ENABLE_PREVIEWS = YES;
				INFOPLIST_FILE = "SwiftUI Fun/Info.plist";
				LD_RUNPATH_SEARCH_PATHS = (
					"$(inherited)",
					"@executable_path/Frameworks",
				);
				PRODUCT_BUNDLE_IDENTIFIER = "dev.calebwells.SwiftUI-Fun";
				PRODUCT_NAME = "$(TARGET_NAME)";
				SWIFT_VERSION = 5.0;
				TARGETED_DEVICE_FAMILY = "1,2";
			};
			name = Debug;
		};
		00A4019E235EBE4600F0AB1D /* Release */ = {
			isa = XCBuildConfiguration;
			buildSettings = {
				ASSETCATALOG_COMPILER_APPICON_NAME = AppIcon;
				CODE_SIGN_STYLE = Automatic;
				DEVELOPMENT_ASSET_PATHS = "\"SwiftUI Fun/Preview Content\"";
				DEVELOPMENT_TEAM = 33NUGZ4GWE;
				ENABLE_PREVIEWS = YES;
				INFOPLIST_FILE = "SwiftUI Fun/Info.plist";
				LD_RUNPATH_SEARCH_PATHS = (
					"$(inherited)",
					"@executable_path/Frameworks",
				);
				PRODUCT_BUNDLE_IDENTIFIER = "dev.calebwells.SwiftUI-Fun";
				PRODUCT_NAME = "$(TARGET_NAME)";
				SWIFT_VERSION = 5.0;
				TARGETED_DEVICE_FAMILY = "1,2";
			};
			name = Release;
		};
/* End XCBuildConfiguration section */

/* Begin XCConfigurationList section */
		00A40183235EBE4500F0AB1D /* Build configuration list for PBXProject "SwiftUI Fun" */ = {
			isa = XCConfigurationList;
			buildConfigurations = (
				00A4019A235EBE4600F0AB1D /* Debug */,
				00A4019B235EBE4600F0AB1D /* Release */,
			);
			defaultConfigurationIsVisible = 0;
			defaultConfigurationName = Release;
		};
		00A4019C235EBE4600F0AB1D /* Build configuration list for PBXNativeTarget "SwiftUI Fun" */ = {
			isa = XCConfigurationList;
			buildConfigurations = (
				00A4019D235EBE4600F0AB1D /* Debug */,
				00A4019E235EBE4600F0AB1D /* Release */,
			);
			defaultConfigurationIsVisible = 0;
			defaultConfigurationName = Release;
		};
/* End XCConfigurationList section */
	};
	rootObject = 00A40180235EBE4500F0AB1D /* Project object */;
}
