// !$*UTF8*$!
{
	archiveVersion = 1;
	classes = {
	};
	objectVersion = 50;
	objects = {

/* Begin PBXBuildFile section */
		0073ABAA23406C92003153E3 /* AppDelegate.swift in Sources */ = {isa = PBXBuildFile; fileRef = 0073ABA923406C92003153E3 /* AppDelegate.swift */; };
		0073ABAC23406C92003153E3 /* SceneDelegate.swift in Sources */ = {isa = PBXBuildFile; fileRef = 0073ABAB23406C92003153E3 /* SceneDelegate.swift */; };
		0073ABAE23406C92003153E3 /* ContentView.swift in Sources */ = {isa = PBXBuildFile; fileRef = 0073ABAD23406C92003153E3 /* ContentView.swift */; };
		0073ABB023406C93003153E3 /* Assets.xcassets in Resources */ = {isa = PBXBuildFile; fileRef = 0073ABAF23406C93003153E3 /* Assets.xcassets */; };
		0073ABB323406C93003153E3 /* Preview Assets.xcassets in Resources */ = {isa = PBXBuildFile; fileRef = 0073ABB223406C93003153E3 /* Preview Assets.xcassets */; };
		0073ABB623406C93003153E3 /* LaunchScreen.storyboard in Resources */ = {isa = PBXBuildFile; fileRef = 0073ABB423406C93003153E3 /* LaunchScreen.storyboard */; };
		0073ABBE23406CF2003153E3 /* LogoView.swift in Sources */ = {isa = PBXBuildFile; fileRef = 0073ABBD23406CF2003153E3 /* LogoView.swift */; };
		0073ABC023406DF7003153E3 /* WelcomeView.swift in Sources */ = {isa = PBXBuildFile; fileRef = 0073ABBF23406DF7003153E3 /* WelcomeView.swift */; };
		0073ABC223406FA7003153E3 /* SiriView.swift in Sources */ = {isa = PBXBuildFile; fileRef = 0073ABC123406FA7003153E3 /* SiriView.swift */; };
		0073ABC42340715F003153E3 /* ButtonView.swift in Sources */ = {isa = PBXBuildFile; fileRef = 0073ABC32340715F003153E3 /* ButtonView.swift */; };
/* End PBXBuildFile section */

/* Begin PBXFileReference section */
		0073ABA623406C92003153E3 /* Apple News.app */ = {isa = PBXFileReference; explicitFileType = wrapper.application; includeInIndex = 0; path = "Apple News.app"; sourceTree = BUILT_PRODUCTS_DIR; };
		0073ABA923406C92003153E3 /* AppDelegate.swift */ = {isa = PBXFileReference; lastKnownFileType = sourcecode.swift; path = AppDelegate.swift; sourceTree = "<group>"; };
		0073ABAB23406C92003153E3 /* SceneDelegate.swift */ = {isa = PBXFileReference; lastKnownFileType = sourcecode.swift; path = SceneDelegate.swift; sourceTree = "<group>"; };
		0073ABAD23406C92003153E3 /* ContentView.swift */ = {isa = PBXFileReference; lastKnownFileType = sourcecode.swift; path = ContentView.swift; sourceTree = "<group>"; };
		0073ABAF23406C93003153E3 /* Assets.xcassets */ = {isa = PBXFileReference; lastKnownFileType = folder.assetcatalog; path = Assets.xcassets; sourceTree = "<group>"; };
		0073ABB223406C93003153E3 /* Preview Assets.xcassets */ = {isa = PBXFileReference; lastKnownFileType = folder.assetcatalog; path = "Preview Assets.xcassets"; sourceTree = "<group>"; };
		0073ABB523406C93003153E3 /* Base */ = {isa = PBXFileReference; lastKnownFileType = file.storyboard; name = Base; path = Base.lproj/LaunchScreen.storyboard; sourceTree = "<group>"; };
		0073ABB723406C93003153E3 /* Info.plist */ = {isa = PBXFileReference; lastKnownFileType = text.plist.xml; path = Info.plist; sourceTree = "<group>"; };
		0073ABBD23406CF2003153E3 /* LogoView.swift */ = {isa = PBXFileReference; lastKnownFileType = sourcecode.swift; path = LogoView.swift; sourceTree = "<group>"; };
		0073ABBF23406DF7003153E3 /* WelcomeView.swift */ = {isa = PBXFileReference; lastKnownFileType = sourcecode.swift; path = WelcomeView.swift; sourceTree = "<group>"; };
		0073ABC123406FA7003153E3 /* SiriView.swift */ = {isa = PBXFileReference; lastKnownFileType = sourcecode.swift; path = SiriView.swift; sourceTree = "<group>"; };
		0073ABC32340715F003153E3 /* ButtonView.swift */ = {isa = PBXFileReference; lastKnownFileType = sourcecode.swift; path = ButtonView.swift; sourceTree = "<group>"; };
/* End PBXFileReference section */

/* Begin PBXFrameworksBuildPhase section */
		0073ABA323406C92003153E3 /* Frameworks */ = {
			isa = PBXFrameworksBuildPhase;
			buildActionMask = 2147483647;
			files = (
			);
			runOnlyForDeploymentPostprocessing = 0;
		};
/* End PBXFrameworksBuildPhase section */

/* Begin PBXGroup section */
		0073AB9D23406C92003153E3 = {
			isa = PBXGroup;
			children = (
				0073ABA823406C92003153E3 /* Apple News */,
				0073ABA723406C92003153E3 /* Products */,
			);
			sourceTree = "<group>";
		};
		0073ABA723406C92003153E3 /* Products */ = {
			isa = PBXGroup;
			children = (
				0073ABA623406C92003153E3 /* Apple News.app */,
			);
			name = Products;
			sourceTree = "<group>";
		};
		0073ABA823406C92003153E3 /* Apple News */ = {
			isa = PBXGroup;
			children = (
				0073ABA923406C92003153E3 /* AppDelegate.swift */,
				0073ABAB23406C92003153E3 /* SceneDelegate.swift */,
				0073ABAD23406C92003153E3 /* ContentView.swift */,
				0073ABBD23406CF2003153E3 /* LogoView.swift */,
				0073ABBF23406DF7003153E3 /* WelcomeView.swift */,
				0073ABC123406FA7003153E3 /* SiriView.swift */,
				0073ABC32340715F003153E3 /* ButtonView.swift */,
				0073ABAF23406C93003153E3 /* Assets.xcassets */,
				0073ABB423406C93003153E3 /* LaunchScreen.storyboard */,
				0073ABB723406C93003153E3 /* Info.plist */,
				0073ABB123406C93003153E3 /* Preview Content */,
			);
			path = "Apple News";
			sourceTree = "<group>";
		};
		0073ABB123406C93003153E3 /* Preview Content */ = {
			isa = PBXGroup;
			children = (
				0073ABB223406C93003153E3 /* Preview Assets.xcassets */,
			);
			path = "Preview Content";
			sourceTree = "<group>";
		};
/* End PBXGroup section */

/* Begin PBXNativeTarget section */
		0073ABA523406C92003153E3 /* Apple News */ = {
			isa = PBXNativeTarget;
			buildConfigurationList = 0073ABBA23406C93003153E3 /* Build configuration list for PBXNativeTarget "Apple News" */;
			buildPhases = (
				0073ABA223406C92003153E3 /* Sources */,
				0073ABA323406C92003153E3 /* Frameworks */,
				0073ABA423406C92003153E3 /* Resources */,
			);
			buildRules = (
			);
			dependencies = (
			);
			name = "Apple News";
			productName = "Apple News";
			productReference = 0073ABA623406C92003153E3 /* Apple News.app */;
			productType = "com.apple.product-type.application";
		};
/* End PBXNativeTarget section */

/* Begin PBXProject section */
		0073AB9E23406C92003153E3 /* Project object */ = {
			isa = PBXProject;
			attributes = {
				LastSwiftUpdateCheck = 1100;
				LastUpgradeCheck = 1100;
				ORGANIZATIONNAME = "Caleb Wells";
				TargetAttributes = {
					0073ABA523406C92003153E3 = {
						CreatedOnToolsVersion = 11.0;
					};
				};
			};
			buildConfigurationList = 0073ABA123406C92003153E3 /* Build configuration list for PBXProject "Apple News" */;
			compatibilityVersion = "Xcode 9.3";
			developmentRegion = en;
			hasScannedForEncodings = 0;
			knownRegions = (
				en,
				Base,
			);
			mainGroup = 0073AB9D23406C92003153E3;
			productRefGroup = 0073ABA723406C92003153E3 /* Products */;
			projectDirPath = "";
			projectRoot = "";
			targets = (
				0073ABA523406C92003153E3 /* Apple News */,
			);
		};
/* End PBXProject section */

/* Begin PBXResourcesBuildPhase section */
		0073ABA423406C92003153E3 /* Resources */ = {
			isa = PBXResourcesBuildPhase;
			buildActionMask = 2147483647;
			files = (
				0073ABB623406C93003153E3 /* LaunchScreen.storyboard in Resources */,
				0073ABB323406C93003153E3 /* Preview Assets.xcassets in Resources */,
				0073ABB023406C93003153E3 /* Assets.xcassets in Resources */,
			);
			runOnlyForDeploymentPostprocessing = 0;
		};
/* End PBXResourcesBuildPhase section */

/* Begin PBXSourcesBuildPhase section */
		0073ABA223406C92003153E3 /* Sources */ = {
			isa = PBXSourcesBuildPhase;
			buildActionMask = 2147483647;
			files = (
				0073ABC023406DF7003153E3 /* WelcomeView.swift in Sources */,
				0073ABAA23406C92003153E3 /* AppDelegate.swift in Sources */,
				0073ABBE23406CF2003153E3 /* LogoView.swift in Sources */,
				0073ABAC23406C92003153E3 /* SceneDelegate.swift in Sources */,
				0073ABAE23406C92003153E3 /* ContentView.swift in Sources */,
				0073ABC223406FA7003153E3 /* SiriView.swift in Sources */,
				0073ABC42340715F003153E3 /* ButtonView.swift in Sources */,
			);
			runOnlyForDeploymentPostprocessing = 0;
		};
/* End PBXSourcesBuildPhase section */

/* Begin PBXVariantGroup section */
		0073ABB423406C93003153E3 /* LaunchScreen.storyboard */ = {
			isa = PBXVariantGroup;
			children = (
				0073ABB523406C93003153E3 /* Base */,
			);
			name = LaunchScreen.storyboard;
			sourceTree = "<group>";
		};
/* End PBXVariantGroup section */

/* Begin XCBuildConfiguration section */
		0073ABB823406C93003153E3 /* Debug */ = {
			isa = XCBuildConfiguration;
			buildSettings = {
				ALWAYS_SEARCH_USER_PATHS = NO;
				CLANG_ANALYZER_NONNULL = YES;
				CLANG_ANALYZER_NUMBER_OBJECT_CONVERSION = YES_AGGRESSIVE;
				CLANG_CXX_LANGUAGE_STANDARD = "gnu++14";
				CLANG_CXX_LIBRARY = "libc++";
				CLANG_ENABLE_MODULES = YES;
				CLANG_ENABLE_OBJC_ARC = YES;
				CLANG_ENABLE_OBJC_WEAK = YES;
				CLANG_WARN_BLOCK_CAPTURE_AUTORELEASING = YES;
				CLANG_WARN_BOOL_CONVERSION = YES;
				CLANG_WARN_COMMA = YES;
				CLANG_WARN_CONSTANT_CONVERSION = YES;
				CLANG_WARN_DEPRECATED_OBJC_IMPLEMENTATIONS = YES;
				CLANG_WARN_DIRECT_OBJC_ISA_USAGE = YES_ERROR;
				CLANG_WARN_DOCUMENTATION_COMMENTS = YES;
				CLANG_WARN_EMPTY_BODY = YES;
				CLANG_WARN_ENUM_CONVERSION = YES;
				CLANG_WARN_INFINITE_RECURSION = YES;
				CLANG_WARN_INT_CONVERSION = YES;
				CLANG_WARN_NON_LITERAL_NULL_CONVERSION = YES;
				CLANG_WARN_OBJC_IMPLICIT_RETAIN_SELF = YES;
				CLANG_WARN_OBJC_LITERAL_CONVERSION = YES;
				CLANG_WARN_OBJC_ROOT_CLASS = YES_ERROR;
				CLANG_WARN_RANGE_LOOP_ANALYSIS = YES;
				CLANG_WARN_STRICT_PROTOTYPES = YES;
				CLANG_WARN_SUSPICIOUS_MOVE = YES;
				CLANG_WARN_UNGUARDED_AVAILABILITY = YES_AGGRESSIVE;
				CLANG_WARN_UNREACHABLE_CODE = YES;
				CLANG_WARN__DUPLICATE_METHOD_MATCH = YES;
				COPY_PHASE_STRIP = NO;
				DEBUG_INFORMATION_FORMAT = dwarf;
				ENABLE_STRICT_OBJC_MSGSEND = YES;
				ENABLE_TESTABILITY = YES;
				GCC_C_LANGUAGE_STANDARD = gnu11;
				GCC_DYNAMIC_NO_PIC = NO;
				GCC_NO_COMMON_BLOCKS = YES;
				GCC_OPTIMIZATION_LEVEL = 0;
				GCC_PREPROCESSOR_DEFINITIONS = (
					"DEBUG=1",
					"$(inherited)",
				);
				GCC_WARN_64_TO_32_BIT_CONVERSION = YES;
				GCC_WARN_ABOUT_RETURN_TYPE = YES_ERROR;
				GCC_WARN_UNDECLARED_SELECTOR = YES;
				GCC_WARN_UNINITIALIZED_AUTOS = YES_AGGRESSIVE;
				GCC_WARN_UNUSED_FUNCTION = YES;
				GCC_WARN_UNUSED_VARIABLE = YES;
				IPHONEOS_DEPLOYMENT_TARGET = 13.0;
				MTL_ENABLE_DEBUG_INFO = INCLUDE_SOURCE;
				MTL_FAST_MATH = YES;
				ONLY_ACTIVE_ARCH = YES;
				SDKROOT = iphoneos;
				SWIFT_ACTIVE_COMPILATION_CONDITIONS = DEBUG;
				SWIFT_OPTIMIZATION_LEVEL = "-Onone";
			};
			name = Debug;
		};
		0073ABB923406C93003153E3 /* Release */ = {
			isa = XCBuildConfiguration;
			buildSettings = {
				ALWAYS_SEARCH_USER_PATHS = NO;
				CLANG_ANALYZER_NONNULL = YES;
				CLANG_ANALYZER_NUMBER_OBJECT_CONVERSION = YES_AGGRESSIVE;
				CLANG_CXX_LANGUAGE_STANDARD = "gnu++14";
				CLANG_CXX_LIBRARY = "libc++";
				CLANG_ENABLE_MODULES = YES;
				CLANG_ENABLE_OBJC_ARC = YES;
				CLANG_ENABLE_OBJC_WEAK = YES;
				CLANG_WARN_BLOCK_CAPTURE_AUTORELEASING = YES;
				CLANG_WARN_BOOL_CONVERSION = YES;
				CLANG_WARN_COMMA = YES;
				CLANG_WARN_CONSTANT_CONVERSION = YES;
				CLANG_WARN_DEPRECATED_OBJC_IMPLEMENTATIONS = YES;
				CLANG_WARN_DIRECT_OBJC_ISA_USAGE = YES_ERROR;
				CLANG_WARN_DOCUMENTATION_COMMENTS = YES;
				CLANG_WARN_EMPTY_BODY = YES;
				CLANG_WARN_ENUM_CONVERSION = YES;
				CLANG_WARN_INFINITE_RECURSION = YES;
				CLANG_WARN_INT_CONVERSION = YES;
				CLANG_WARN_NON_LITERAL_NULL_CONVERSION = YES;
				CLANG_WARN_OBJC_IMPLICIT_RETAIN_SELF = YES;
				CLANG_WARN_OBJC_LITERAL_CONVERSION = YES;
				CLANG_WARN_OBJC_ROOT_CLASS = YES_ERROR;
				CLANG_WARN_RANGE_LOOP_ANALYSIS = YES;
				CLANG_WARN_STRICT_PROTOTYPES = YES;
				CLANG_WARN_SUSPICIOUS_MOVE = YES;
				CLANG_WARN_UNGUARDED_AVAILABILITY = YES_AGGRESSIVE;
				CLANG_WARN_UNREACHABLE_CODE = YES;
				CLANG_WARN__DUPLICATE_METHOD_MATCH = YES;
				COPY_PHASE_STRIP = NO;
				DEBUG_INFORMATION_FORMAT = "dwarf-with-dsym";
				ENABLE_NS_ASSERTIONS = NO;
				ENABLE_STRICT_OBJC_MSGSEND = YES;
				GCC_C_LANGUAGE_STANDARD = gnu11;
				GCC_NO_COMMON_BLOCKS = YES;
				GCC_WARN_64_TO_32_BIT_CONVERSION = YES;
				GCC_WARN_ABOUT_RETURN_TYPE = YES_ERROR;
				GCC_WARN_UNDECLARED_SELECTOR = YES;
				GCC_WARN_UNINITIALIZED_AUTOS = YES_AGGRESSIVE;
				GCC_WARN_UNUSED_FUNCTION = YES;
				GCC_WARN_UNUSED_VARIABLE = YES;
				IPHONEOS_DEPLOYMENT_TARGET = 13.0;
				MTL_ENABLE_DEBUG_INFO = NO;
				MTL_FAST_MATH = YES;
				SDKROOT = iphoneos;
				SWIFT_COMPILATION_MODE = wholemodule;
				SWIFT_OPTIMIZATION_LEVEL = "-O";
				VALIDATE_PRODUCT = YES;
			};
			name = Release;
		};
		0073ABBB23406C93003153E3 /* Debug */ = {
			isa = XCBuildConfiguration;
			buildSettings = {
				ASSETCATALOG_COMPILER_APPICON_NAME = AppIcon;
				CODE_SIGN_STYLE = Automatic;
				DEVELOPMENT_ASSET_PATHS = "\"Apple News/Preview Content\"";
				DEVELOPMENT_TEAM = 33NUGZ4GWE;
				ENABLE_PREVIEWS = YES;
				INFOPLIST_FILE = "Apple News/Info.plist";
				LD_RUNPATH_SEARCH_PATHS = (
					"$(inherited)",
					"@executable_path/Frameworks",
				);
				PRODUCT_BUNDLE_IDENTIFIER = "match-3D.match-3D.Apple-News";
				PRODUCT_NAME = "$(TARGET_NAME)";
				SWIFT_VERSION = 5.0;
				TARGETED_DEVICE_FAMILY = "1,2";
			};
			name = Debug;
		};
		0073ABBC23406C93003153E3 /* Release */ = {
			isa = XCBuildConfiguration;
			buildSettings = {
				ASSETCATALOG_COMPILER_APPICON_NAME = AppIcon;
				CODE_SIGN_STYLE = Automatic;
				DEVELOPMENT_ASSET_PATHS = "\"Apple News/Preview Content\"";
				DEVELOPMENT_TEAM = 33NUGZ4GWE;
				ENABLE_PREVIEWS = YES;
				INFOPLIST_FILE = "Apple News/Info.plist";
				LD_RUNPATH_SEARCH_PATHS = (
					"$(inherited)",
					"@executable_path/Frameworks",
				);
				PRODUCT_BUNDLE_IDENTIFIER = "match-3D.match-3D.Apple-News";
				PRODUCT_NAME = "$(TARGET_NAME)";
				SWIFT_VERSION = 5.0;
				TARGETED_DEVICE_FAMILY = "1,2";
			};
			name = Release;
		};
/* End XCBuildConfiguration section */

/* Begin XCConfigurationList section */
		0073ABA123406C92003153E3 /* Build configuration list for PBXProject "Apple News" */ = {
			isa = XCConfigurationList;
			buildConfigurations = (
				0073ABB823406C93003153E3 /* Debug */,
				0073ABB923406C93003153E3 /* Release */,
			);
			defaultConfigurationIsVisible = 0;
			defaultConfigurationName = Release;
		};
		0073ABBA23406C93003153E3 /* Build configuration list for PBXNativeTarget "Apple News" */ = {
			isa = XCConfigurationList;
			buildConfigurations = (
				0073ABBB23406C93003153E3 /* Debug */,
				0073ABBC23406C93003153E3 /* Release */,
			);
			defaultConfigurationIsVisible = 0;
			defaultConfigurationName = Release;
		};
/* End XCConfigurationList section */
	};
	rootObject = 0073AB9E23406C92003153E3 /* Project object */;
}
