// !$*UTF8*$!
{
	archiveVersion = 1;
	classes = {
	};
	objectVersion = 50;
	objects = {

/* Begin PBXBuildFile section */
		000138252298E44D00F6B92B /* TodayHeader.swift in Sources */ = {isa = PBXBuildFile; fileRef = 000138242298E44D00F6B92B /* TodayHeader.swift */; };
		008BA80322978296001F18B8 /* AppDelegate.swift in Sources */ = {isa = PBXBuildFile; fileRef = 008BA80222978296001F18B8 /* AppDelegate.swift */; };
		008BA80522978296001F18B8 /* ViewController.swift in Sources */ = {isa = PBXBuildFile; fileRef = 008BA80422978296001F18B8 /* ViewController.swift */; };
		008BA80A22978297001F18B8 /* Assets.xcassets in Resources */ = {isa = PBXBuildFile; fileRef = 008BA80922978297001F18B8 /* Assets.xcassets */; };
		008BA80D22978297001F18B8 /* LaunchScreen.storyboard in Resources */ = {isa = PBXBuildFile; fileRef = 008BA80B22978297001F18B8 /* LaunchScreen.storyboard */; };
		008BA81B22978AB7001F18B8 /* NotificationCenter.framework in Frameworks */ = {isa = PBXBuildFile; fileRef = 008BA81A22978AB7001F18B8 /* NotificationCenter.framework */; };
		008BA81E22978AB7001F18B8 /* TodayViewController.swift in Sources */ = {isa = PBXBuildFile; fileRef = 008BA81D22978AB7001F18B8 /* TodayViewController.swift */; };
		008BA82522978AB7001F18B8 /* Widget.appex in Embed App Extensions */ = {isa = PBXBuildFile; fileRef = 008BA81822978AB7001F18B8 /* Widget.appex */; settings = {ATTRIBUTES = (RemoveHeadersOnCopy, ); }; };
/* End PBXBuildFile section */

/* Begin PBXContainerItemProxy section */
		008BA82322978AB7001F18B8 /* PBXContainerItemProxy */ = {
			isa = PBXContainerItemProxy;
			containerPortal = 008BA7F722978296001F18B8 /* Project object */;
			proxyType = 1;
			remoteGlobalIDString = 008BA81722978AB7001F18B8;
			remoteInfo = Widget;
		};
/* End PBXContainerItemProxy section */

/* Begin PBXCopyFilesBuildPhase section */
		008BA82922978AB7001F18B8 /* Embed App Extensions */ = {
			isa = PBXCopyFilesBuildPhase;
			buildActionMask = 2147483647;
			dstPath = "";
			dstSubfolderSpec = 13;
			files = (
				008BA82522978AB7001F18B8 /* Widget.appex in Embed App Extensions */,
			);
			name = "Embed App Extensions";
			runOnlyForDeploymentPostprocessing = 0;
		};
/* End PBXCopyFilesBuildPhase section */

/* Begin PBXFileReference section */
		000138242298E44D00F6B92B /* TodayHeader.swift */ = {isa = PBXFileReference; lastKnownFileType = sourcecode.swift; path = TodayHeader.swift; sourceTree = "<group>"; };
		008BA7FF22978296001F18B8 /* Come code with me night 4.app */ = {isa = PBXFileReference; explicitFileType = wrapper.application; includeInIndex = 0; path = "Come code with me night 4.app"; sourceTree = BUILT_PRODUCTS_DIR; };
		008BA80222978296001F18B8 /* AppDelegate.swift */ = {isa = PBXFileReference; lastKnownFileType = sourcecode.swift; path = AppDelegate.swift; sourceTree = "<group>"; };
		008BA80422978296001F18B8 /* ViewController.swift */ = {isa = PBXFileReference; lastKnownFileType = sourcecode.swift; path = ViewController.swift; sourceTree = "<group>"; };
		008BA80922978297001F18B8 /* Assets.xcassets */ = {isa = PBXFileReference; lastKnownFileType = folder.assetcatalog; path = Assets.xcassets; sourceTree = "<group>"; };
		008BA80C22978297001F18B8 /* Base */ = {isa = PBXFileReference; lastKnownFileType = file.storyboard; name = Base; path = Base.lproj/LaunchScreen.storyboard; sourceTree = "<group>"; };
		008BA80E22978297001F18B8 /* Info.plist */ = {isa = PBXFileReference; lastKnownFileType = text.plist.xml; path = Info.plist; sourceTree = "<group>"; };
		008BA81822978AB7001F18B8 /* Widget.appex */ = {isa = PBXFileReference; explicitFileType = "wrapper.app-extension"; includeInIndex = 0; path = Widget.appex; sourceTree = BUILT_PRODUCTS_DIR; };
		008BA81A22978AB7001F18B8 /* NotificationCenter.framework */ = {isa = PBXFileReference; lastKnownFileType = wrapper.framework; name = NotificationCenter.framework; path = System/Library/Frameworks/NotificationCenter.framework; sourceTree = SDKROOT; };
		008BA81D22978AB7001F18B8 /* TodayViewController.swift */ = {isa = PBXFileReference; lastKnownFileType = sourcecode.swift; path = TodayViewController.swift; sourceTree = "<group>"; };
		008BA82222978AB7001F18B8 /* Info.plist */ = {isa = PBXFileReference; lastKnownFileType = text.plist.xml; path = Info.plist; sourceTree = "<group>"; };
/* End PBXFileReference section */

/* Begin PBXFrameworksBuildPhase section */
		008BA7FC22978296001F18B8 /* Frameworks */ = {
			isa = PBXFrameworksBuildPhase;
			buildActionMask = 2147483647;
			files = (
			);
			runOnlyForDeploymentPostprocessing = 0;
		};
		008BA81522978AB7001F18B8 /* Frameworks */ = {
			isa = PBXFrameworksBuildPhase;
			buildActionMask = 2147483647;
			files = (
				008BA81B22978AB7001F18B8 /* NotificationCenter.framework in Frameworks */,
			);
			runOnlyForDeploymentPostprocessing = 0;
		};
/* End PBXFrameworksBuildPhase section */

/* Begin PBXGroup section */
		008BA7F622978296001F18B8 = {
			isa = PBXGroup;
			children = (
				008BA80122978296001F18B8 /* Come code with me night 4 */,
				008BA81C22978AB7001F18B8 /* Widget */,
				008BA81922978AB7001F18B8 /* Frameworks */,
				008BA80022978296001F18B8 /* Products */,
			);
			sourceTree = "<group>";
		};
		008BA80022978296001F18B8 /* Products */ = {
			isa = PBXGroup;
			children = (
				008BA7FF22978296001F18B8 /* Come code with me night 4.app */,
				008BA81822978AB7001F18B8 /* Widget.appex */,
			);
			name = Products;
			sourceTree = "<group>";
		};
		008BA80122978296001F18B8 /* Come code with me night 4 */ = {
			isa = PBXGroup;
			children = (
				008BA80222978296001F18B8 /* AppDelegate.swift */,
				008BA80422978296001F18B8 /* ViewController.swift */,
				008BA80922978297001F18B8 /* Assets.xcassets */,
				008BA80B22978297001F18B8 /* LaunchScreen.storyboard */,
				008BA80E22978297001F18B8 /* Info.plist */,
			);
			path = "Come code with me night 4";
			sourceTree = "<group>";
		};
		008BA81922978AB7001F18B8 /* Frameworks */ = {
			isa = PBXGroup;
			children = (
				008BA81A22978AB7001F18B8 /* NotificationCenter.framework */,
			);
			name = Frameworks;
			sourceTree = "<group>";
		};
		008BA81C22978AB7001F18B8 /* Widget */ = {
			isa = PBXGroup;
			children = (
				008BA81D22978AB7001F18B8 /* TodayViewController.swift */,
				000138242298E44D00F6B92B /* TodayHeader.swift */,
				008BA82222978AB7001F18B8 /* Info.plist */,
			);
			path = Widget;
			sourceTree = "<group>";
		};
/* End PBXGroup section */

/* Begin PBXNativeTarget section */
		008BA7FE22978296001F18B8 /* Come code with me night 4 */ = {
			isa = PBXNativeTarget;
			buildConfigurationList = 008BA81122978297001F18B8 /* Build configuration list for PBXNativeTarget "Come code with me night 4" */;
			buildPhases = (
				008BA7FB22978296001F18B8 /* Sources */,
				008BA7FC22978296001F18B8 /* Frameworks */,
				008BA7FD22978296001F18B8 /* Resources */,
				008BA82922978AB7001F18B8 /* Embed App Extensions */,
			);
			buildRules = (
			);
			dependencies = (
				008BA82422978AB7001F18B8 /* PBXTargetDependency */,
			);
			name = "Come code with me night 4";
			productName = "Come code with me night 4";
			productReference = 008BA7FF22978296001F18B8 /* Come code with me night 4.app */;
			productType = "com.apple.product-type.application";
		};
		008BA81722978AB7001F18B8 /* Widget */ = {
			isa = PBXNativeTarget;
			buildConfigurationList = 008BA82622978AB7001F18B8 /* Build configuration list for PBXNativeTarget "Widget" */;
			buildPhases = (
				008BA81422978AB7001F18B8 /* Sources */,
				008BA81522978AB7001F18B8 /* Frameworks */,
				008BA81622978AB7001F18B8 /* Resources */,
			);
			buildRules = (
			);
			dependencies = (
			);
			name = Widget;
			productName = Widget;
			productReference = 008BA81822978AB7001F18B8 /* Widget.appex */;
			productType = "com.apple.product-type.app-extension";
		};
/* End PBXNativeTarget section */

/* Begin PBXProject section */
		008BA7F722978296001F18B8 /* Project object */ = {
			isa = PBXProject;
			attributes = {
				LastSwiftUpdateCheck = 1020;
				LastUpgradeCheck = 1020;
				ORGANIZATIONNAME = "Caleb Wells";
				TargetAttributes = {
					008BA7FE22978296001F18B8 = {
						CreatedOnToolsVersion = 10.2.1;
					};
					008BA81722978AB7001F18B8 = {
						CreatedOnToolsVersion = 10.2.1;
					};
				};
			};
			buildConfigurationList = 008BA7FA22978296001F18B8 /* Build configuration list for PBXProject "Come code with me night 4" */;
			compatibilityVersion = "Xcode 9.3";
			developmentRegion = en;
			hasScannedForEncodings = 0;
			knownRegions = (
				en,
				Base,
			);
			mainGroup = 008BA7F622978296001F18B8;
			productRefGroup = 008BA80022978296001F18B8 /* Products */;
			projectDirPath = "";
			projectRoot = "";
			targets = (
				008BA7FE22978296001F18B8 /* Come code with me night 4 */,
				008BA81722978AB7001F18B8 /* Widget */,
			);
		};
/* End PBXProject section */

/* Begin PBXResourcesBuildPhase section */
		008BA7FD22978296001F18B8 /* Resources */ = {
			isa = PBXResourcesBuildPhase;
			buildActionMask = 2147483647;
			files = (
				008BA80D22978297001F18B8 /* LaunchScreen.storyboard in Resources */,
				008BA80A22978297001F18B8 /* Assets.xcassets in Resources */,
			);
			runOnlyForDeploymentPostprocessing = 0;
		};
		008BA81622978AB7001F18B8 /* Resources */ = {
			isa = PBXResourcesBuildPhase;
			buildActionMask = 2147483647;
			files = (
			);
			runOnlyForDeploymentPostprocessing = 0;
		};
/* End PBXResourcesBuildPhase section */

/* Begin PBXSourcesBuildPhase section */
		008BA7FB22978296001F18B8 /* Sources */ = {
			isa = PBXSourcesBuildPhase;
			buildActionMask = 2147483647;
			files = (
				008BA80522978296001F18B8 /* ViewController.swift in Sources */,
				008BA80322978296001F18B8 /* AppDelegate.swift in Sources */,
			);
			runOnlyForDeploymentPostprocessing = 0;
		};
		008BA81422978AB7001F18B8 /* Sources */ = {
			isa = PBXSourcesBuildPhase;
			buildActionMask = 2147483647;
			files = (
				000138252298E44D00F6B92B /* TodayHeader.swift in Sources */,
				008BA81E22978AB7001F18B8 /* TodayViewController.swift in Sources */,
			);
			runOnlyForDeploymentPostprocessing = 0;
		};
/* End PBXSourcesBuildPhase section */

/* Begin PBXTargetDependency section */
		008BA82422978AB7001F18B8 /* PBXTargetDependency */ = {
			isa = PBXTargetDependency;
			target = 008BA81722978AB7001F18B8 /* Widget */;
			targetProxy = 008BA82322978AB7001F18B8 /* PBXContainerItemProxy */;
		};
/* End PBXTargetDependency section */

/* Begin PBXVariantGroup section */
		008BA80B22978297001F18B8 /* LaunchScreen.storyboard */ = {
			isa = PBXVariantGroup;
			children = (
				008BA80C22978297001F18B8 /* Base */,
			);
			name = LaunchScreen.storyboard;
			sourceTree = "<group>";
		};
/* End PBXVariantGroup section */

/* Begin XCBuildConfiguration section */
		008BA80F22978297001F18B8 /* Debug */ = {
			isa = XCBuildConfiguration;
			buildSettings = {
				ALWAYS_SEARCH_USER_PATHS = NO;
				CLANG_ANALYZER_NONNULL = YES;
				CLANG_ANALYZER_NUMBER_OBJECT_CONVERSION = YES_AGGRESSIVE;
				CLANG_CXX_LANGUAGE_STANDARD = "gnu++14";
				CLANG_CXX_LIBRARY = "libc++";
				CLANG_ENABLE_MODULES = YES;
				CLANG_ENABLE_OBJC_ARC = YES;
				CLANG_ENABLE_OBJC_WEAK = YES;
				CLANG_WARN_BLOCK_CAPTURE_AUTORELEASING = YES;
				CLANG_WARN_BOOL_CONVERSION = YES;
				CLANG_WARN_COMMA = YES;
				CLANG_WARN_CONSTANT_CONVERSION = YES;
				CLANG_WARN_DEPRECATED_OBJC_IMPLEMENTATIONS = YES;
				CLANG_WARN_DIRECT_OBJC_ISA_USAGE = YES_ERROR;
				CLANG_WARN_DOCUMENTATION_COMMENTS = YES;
				CLANG_WARN_EMPTY_BODY = YES;
				CLANG_WARN_ENUM_CONVERSION = YES;
				CLANG_WARN_INFINITE_RECURSION = YES;
				CLANG_WARN_INT_CONVERSION = YES;
				CLANG_WARN_NON_LITERAL_NULL_CONVERSION = YES;
				CLANG_WARN_OBJC_IMPLICIT_RETAIN_SELF = YES;
				CLANG_WARN_OBJC_LITERAL_CONVERSION = YES;
				CLANG_WARN_OBJC_ROOT_CLASS = YES_ERROR;
				CLANG_WARN_RANGE_LOOP_ANALYSIS = YES;
				CLANG_WARN_STRICT_PROTOTYPES = YES;
				CLANG_WARN_SUSPICIOUS_MOVE = YES;
				CLANG_WARN_UNGUARDED_AVAILABILITY = YES_AGGRESSIVE;
				CLANG_WARN_UNREACHABLE_CODE = YES;
				CLANG_WARN__DUPLICATE_METHOD_MATCH = YES;
				CODE_SIGN_IDENTITY = "iPhone Developer";
				COPY_PHASE_STRIP = NO;
				DEBUG_INFORMATION_FORMAT = dwarf;
				ENABLE_STRICT_OBJC_MSGSEND = YES;
				ENABLE_TESTABILITY = YES;
				GCC_C_LANGUAGE_STANDARD = gnu11;
				GCC_DYNAMIC_NO_PIC = NO;
				GCC_NO_COMMON_BLOCKS = YES;
				GCC_OPTIMIZATION_LEVEL = 0;
				GCC_PREPROCESSOR_DEFINITIONS = (
					"DEBUG=1",
					"$(inherited)",
				);
				GCC_WARN_64_TO_32_BIT_CONVERSION = YES;
				GCC_WARN_ABOUT_RETURN_TYPE = YES_ERROR;
				GCC_WARN_UNDECLARED_SELECTOR = YES;
				GCC_WARN_UNINITIALIZED_AUTOS = YES_AGGRESSIVE;
				GCC_WARN_UNUSED_FUNCTION = YES;
				GCC_WARN_UNUSED_VARIABLE = YES;
				IPHONEOS_DEPLOYMENT_TARGET = 12.2;
				MTL_ENABLE_DEBUG_INFO = INCLUDE_SOURCE;
				MTL_FAST_MATH = YES;
				ONLY_ACTIVE_ARCH = YES;
				SDKROOT = iphoneos;
				SWIFT_ACTIVE_COMPILATION_CONDITIONS = DEBUG;
				SWIFT_OPTIMIZATION_LEVEL = "-Onone";
			};
			name = Debug;
		};
		008BA81022978297001F18B8 /* Release */ = {
			isa = XCBuildConfiguration;
			buildSettings = {
				ALWAYS_SEARCH_USER_PATHS = NO;
				CLANG_ANALYZER_NONNULL = YES;
				CLANG_ANALYZER_NUMBER_OBJECT_CONVERSION = YES_AGGRESSIVE;
				CLANG_CXX_LANGUAGE_STANDARD = "gnu++14";
				CLANG_CXX_LIBRARY = "libc++";
				CLANG_ENABLE_MODULES = YES;
				CLANG_ENABLE_OBJC_ARC = YES;
				CLANG_ENABLE_OBJC_WEAK = YES;
				CLANG_WARN_BLOCK_CAPTURE_AUTORELEASING = YES;
				CLANG_WARN_BOOL_CONVERSION = YES;
				CLANG_WARN_COMMA = YES;
				CLANG_WARN_CONSTANT_CONVERSION = YES;
				CLANG_WARN_DEPRECATED_OBJC_IMPLEMENTATIONS = YES;
				CLANG_WARN_DIRECT_OBJC_ISA_USAGE = YES_ERROR;
				CLANG_WARN_DOCUMENTATION_COMMENTS = YES;
				CLANG_WARN_EMPTY_BODY = YES;
				CLANG_WARN_ENUM_CONVERSION = YES;
				CLANG_WARN_INFINITE_RECURSION = YES;
				CLANG_WARN_INT_CONVERSION = YES;
				CLANG_WARN_NON_LITERAL_NULL_CONVERSION = YES;
				CLANG_WARN_OBJC_IMPLICIT_RETAIN_SELF = YES;
				CLANG_WARN_OBJC_LITERAL_CONVERSION = YES;
				CLANG_WARN_OBJC_ROOT_CLASS = YES_ERROR;
				CLANG_WARN_RANGE_LOOP_ANALYSIS = YES;
				CLANG_WARN_STRICT_PROTOTYPES = YES;
				CLANG_WARN_SUSPICIOUS_MOVE = YES;
				CLANG_WARN_UNGUARDED_AVAILABILITY = YES_AGGRESSIVE;
				CLANG_WARN_UNREACHABLE_CODE = YES;
				CLANG_WARN__DUPLICATE_METHOD_MATCH = YES;
				CODE_SIGN_IDENTITY = "iPhone Developer";
				COPY_PHASE_STRIP = NO;
				DEBUG_INFORMATION_FORMAT = "dwarf-with-dsym";
				ENABLE_NS_ASSERTIONS = NO;
				ENABLE_STRICT_OBJC_MSGSEND = YES;
				GCC_C_LANGUAGE_STANDARD = gnu11;
				GCC_NO_COMMON_BLOCKS = YES;
				GCC_WARN_64_TO_32_BIT_CONVERSION = YES;
				GCC_WARN_ABOUT_RETURN_TYPE = YES_ERROR;
				GCC_WARN_UNDECLARED_SELECTOR = YES;
				GCC_WARN_UNINITIALIZED_AUTOS = YES_AGGRESSIVE;
				GCC_WARN_UNUSED_FUNCTION = YES;
				GCC_WARN_UNUSED_VARIABLE = YES;
				IPHONEOS_DEPLOYMENT_TARGET = 12.2;
				MTL_ENABLE_DEBUG_INFO = NO;
				MTL_FAST_MATH = YES;
				SDKROOT = iphoneos;
				SWIFT_COMPILATION_MODE = wholemodule;
				SWIFT_OPTIMIZATION_LEVEL = "-O";
				VALIDATE_PRODUCT = YES;
			};
			name = Release;
		};
		008BA81222978297001F18B8 /* Debug */ = {
			isa = XCBuildConfiguration;
			buildSettings = {
				ALWAYS_EMBED_SWIFT_STANDARD_LIBRARIES = YES;
				ASSETCATALOG_COMPILER_APPICON_NAME = AppIcon;
				CODE_SIGN_STYLE = Automatic;
				DEVELOPMENT_TEAM = 33NUGZ4GWE;
				INFOPLIST_FILE = "Come code with me night 4/Info.plist";
				LD_RUNPATH_SEARCH_PATHS = (
					"$(inherited)",
					"@executable_path/Frameworks",
				);
				PRODUCT_BUNDLE_IDENTIFIER = "dev.calebwells.Come-code-with-me-night-4";
				PRODUCT_NAME = "$(TARGET_NAME)";
				SWIFT_VERSION = 5.0;
				TARGETED_DEVICE_FAMILY = "1,2";
			};
			name = Debug;
		};
		008BA81322978297001F18B8 /* Release */ = {
			isa = XCBuildConfiguration;
			buildSettings = {
				ALWAYS_EMBED_SWIFT_STANDARD_LIBRARIES = YES;
				ASSETCATALOG_COMPILER_APPICON_NAME = AppIcon;
				CODE_SIGN_STYLE = Automatic;
				DEVELOPMENT_TEAM = 33NUGZ4GWE;
				INFOPLIST_FILE = "Come code with me night 4/Info.plist";
				LD_RUNPATH_SEARCH_PATHS = (
					"$(inherited)",
					"@executable_path/Frameworks",
				);
				PRODUCT_BUNDLE_IDENTIFIER = "dev.calebwells.Come-code-with-me-night-4";
				PRODUCT_NAME = "$(TARGET_NAME)";
				SWIFT_VERSION = 5.0;
				TARGETED_DEVICE_FAMILY = "1,2";
			};
			name = Release;
		};
		008BA82722978AB7001F18B8 /* Debug */ = {
			isa = XCBuildConfiguration;
			buildSettings = {
				ALWAYS_EMBED_SWIFT_STANDARD_LIBRARIES = YES;
				CODE_SIGN_STYLE = Automatic;
				DEVELOPMENT_TEAM = 33NUGZ4GWE;
				INFOPLIST_FILE = Widget/Info.plist;
				LD_RUNPATH_SEARCH_PATHS = (
					"$(inherited)",
					"@executable_path/Frameworks",
					"@executable_path/../../Frameworks",
				);
				PRODUCT_BUNDLE_IDENTIFIER = "dev.calebwells.Come-code-with-me-night-4.Widget";
				PRODUCT_NAME = "$(TARGET_NAME)";
				SKIP_INSTALL = YES;
				SWIFT_VERSION = 5.0;
				TARGETED_DEVICE_FAMILY = "1,2";
			};
			name = Debug;
		};
		008BA82822978AB7001F18B8 /* Release */ = {
			isa = XCBuildConfiguration;
			buildSettings = {
				ALWAYS_EMBED_SWIFT_STANDARD_LIBRARIES = YES;
				CODE_SIGN_STYLE = Automatic;
				DEVELOPMENT_TEAM = 33NUGZ4GWE;
				INFOPLIST_FILE = Widget/Info.plist;
				LD_RUNPATH_SEARCH_PATHS = (
					"$(inherited)",
					"@executable_path/Frameworks",
					"@executable_path/../../Frameworks",
				);
				PRODUCT_BUNDLE_IDENTIFIER = "dev.calebwells.Come-code-with-me-night-4.Widget";
				PRODUCT_NAME = "$(TARGET_NAME)";
				SKIP_INSTALL = YES;
				SWIFT_VERSION = 5.0;
				TARGETED_DEVICE_FAMILY = "1,2";
			};
			name = Release;
		};
/* End XCBuildConfiguration section */

/* Begin XCConfigurationList section */
		008BA7FA22978296001F18B8 /* Build configuration list for PBXProject "Come code with me night 4" */ = {
			isa = XCConfigurationList;
			buildConfigurations = (
				008BA80F22978297001F18B8 /* Debug */,
				008BA81022978297001F18B8 /* Release */,
			);
			defaultConfigurationIsVisible = 0;
			defaultConfigurationName = Release;
		};
		008BA81122978297001F18B8 /* Build configuration list for PBXNativeTarget "Come code with me night 4" */ = {
			isa = XCConfigurationList;
			buildConfigurations = (
				008BA81222978297001F18B8 /* Debug */,
				008BA81322978297001F18B8 /* Release */,
			);
			defaultConfigurationIsVisible = 0;
			defaultConfigurationName = Release;
		};
		008BA82622978AB7001F18B8 /* Build configuration list for PBXNativeTarget "Widget" */ = {
			isa = XCConfigurationList;
			buildConfigurations = (
				008BA82722978AB7001F18B8 /* Debug */,
				008BA82822978AB7001F18B8 /* Release */,
			);
			defaultConfigurationIsVisible = 0;
			defaultConfigurationName = Release;
		};
/* End XCConfigurationList section */
	};
	rootObject = 008BA7F722978296001F18B8 /* Project object */;
}
