// !$*UTF8*$!
{
	archiveVersion = 1;
	classes = {
	};
	objectVersion = 50;
	objects = {

/* Begin PBXBuildFile section */
		00260B2520C39DF0002B94E5 /* AppDelegate.swift in Sources */ = {isa = PBXBuildFile; fileRef = 00260B2420C39DF0002B94E5 /* AppDelegate.swift */; };
		00260B2720C39DF1002B94E5 /* ViewController.swift in Sources */ = {isa = PBXBuildFile; fileRef = 00260B2620C39DF1002B94E5 /* ViewController.swift */; };
		00260B2C20C39DF1002B94E5 /* Assets.xcassets in Resources */ = {isa = PBXBuildFile; fileRef = 00260B2B20C39DF1002B94E5 /* Assets.xcassets */; };
		00260B2F20C39DF1002B94E5 /* LaunchScreen.storyboard in Resources */ = {isa = PBXBuildFile; fileRef = 00260B2D20C39DF1002B94E5 /* LaunchScreen.storyboard */; };
		00260B3920C463A0002B94E5 /* TileSet.sks in Resources */ = {isa = PBXBuildFile; fileRef = 00260B3820C463A0002B94E5 /* TileSet.sks */; };
/* End PBXBuildFile section */

/* Begin PBXFileReference section */
		00260B2120C39DF0002B94E5 /* Creating Tile Maps and Setting Tiles.app */ = {isa = PBXFileReference; explicitFileType = wrapper.application; includeInIndex = 0; path = "Creating Tile Maps and Setting Tiles.app"; sourceTree = BUILT_PRODUCTS_DIR; };
		00260B2420C39DF0002B94E5 /* AppDelegate.swift */ = {isa = PBXFileReference; lastKnownFileType = sourcecode.swift; path = AppDelegate.swift; sourceTree = "<group>"; };
		00260B2620C39DF1002B94E5 /* ViewController.swift */ = {isa = PBXFileReference; lastKnownFileType = sourcecode.swift; path = ViewController.swift; sourceTree = "<group>"; };
		00260B2B20C39DF1002B94E5 /* Assets.xcassets */ = {isa = PBXFileReference; lastKnownFileType = folder.assetcatalog; path = Assets.xcassets; sourceTree = "<group>"; };
		00260B2E20C39DF1002B94E5 /* Base */ = {isa = PBXFileReference; lastKnownFileType = file.storyboard; name = Base; path = Base.lproj/LaunchScreen.storyboard; sourceTree = "<group>"; };
		00260B3020C39DF1002B94E5 /* Info.plist */ = {isa = PBXFileReference; lastKnownFileType = text.plist.xml; path = Info.plist; sourceTree = "<group>"; };
		00260B3820C463A0002B94E5 /* TileSet.sks */ = {isa = PBXFileReference; lastKnownFileType = file.sks; path = TileSet.sks; sourceTree = "<group>"; };
/* End PBXFileReference section */

/* Begin PBXFrameworksBuildPhase section */
		00260B1E20C39DF0002B94E5 /* Frameworks */ = {
			isa = PBXFrameworksBuildPhase;
			buildActionMask = 2147483647;
			files = (
			);
			runOnlyForDeploymentPostprocessing = 0;
		};
/* End PBXFrameworksBuildPhase section */

/* Begin PBXGroup section */
		00260B1820C39DF0002B94E5 = {
			isa = PBXGroup;
			children = (
				00260B2320C39DF0002B94E5 /* Creating Tile Maps and Setting Tiles */,
				00260B2220C39DF0002B94E5 /* Products */,
			);
			sourceTree = "<group>";
		};
		00260B2220C39DF0002B94E5 /* Products */ = {
			isa = PBXGroup;
			children = (
				00260B2120C39DF0002B94E5 /* Creating Tile Maps and Setting Tiles.app */,
			);
			name = Products;
			sourceTree = "<group>";
		};
		00260B2320C39DF0002B94E5 /* Creating Tile Maps and Setting Tiles */ = {
			isa = PBXGroup;
			children = (
				00260B2420C39DF0002B94E5 /* AppDelegate.swift */,
				00260B2620C39DF1002B94E5 /* ViewController.swift */,
				00260B3820C463A0002B94E5 /* TileSet.sks */,
				00260B2B20C39DF1002B94E5 /* Assets.xcassets */,
				00260B2D20C39DF1002B94E5 /* LaunchScreen.storyboard */,
				00260B3020C39DF1002B94E5 /* Info.plist */,
			);
			path = "Creating Tile Maps and Setting Tiles";
			sourceTree = "<group>";
		};
/* End PBXGroup section */

/* Begin PBXNativeTarget section */
		00260B2020C39DF0002B94E5 /* Creating Tile Maps and Setting Tiles */ = {
			isa = PBXNativeTarget;
			buildConfigurationList = 00260B3320C39DF1002B94E5 /* Build configuration list for PBXNativeTarget "Creating Tile Maps and Setting Tiles" */;
			buildPhases = (
				00260B1D20C39DF0002B94E5 /* Sources */,
				00260B1E20C39DF0002B94E5 /* Frameworks */,
				00260B1F20C39DF0002B94E5 /* Resources */,
			);
			buildRules = (
			);
			dependencies = (
			);
			name = "Creating Tile Maps and Setting Tiles";
			productName = "Creating Tile Maps and Setting Tiles";
			productReference = 00260B2120C39DF0002B94E5 /* Creating Tile Maps and Setting Tiles.app */;
			productType = "com.apple.product-type.application";
		};
/* End PBXNativeTarget section */

/* Begin PBXProject section */
		00260B1920C39DF0002B94E5 /* Project object */ = {
			isa = PBXProject;
			attributes = {
				LastSwiftUpdateCheck = 0930;
				LastUpgradeCheck = 0930;
				ORGANIZATIONNAME = "Caleb Wells";
				TargetAttributes = {
					00260B2020C39DF0002B94E5 = {
						CreatedOnToolsVersion = 9.3.1;
					};
				};
			};
			buildConfigurationList = 00260B1C20C39DF0002B94E5 /* Build configuration list for PBXProject "Creating Tile Maps and Setting Tiles" */;
			compatibilityVersion = "Xcode 9.3";
			developmentRegion = en;
			hasScannedForEncodings = 0;
			knownRegions = (
				en,
				Base,
			);
			mainGroup = 00260B1820C39DF0002B94E5;
			productRefGroup = 00260B2220C39DF0002B94E5 /* Products */;
			projectDirPath = "";
			projectRoot = "";
			targets = (
				00260B2020C39DF0002B94E5 /* Creating Tile Maps and Setting Tiles */,
			);
		};
/* End PBXProject section */

/* Begin PBXResourcesBuildPhase section */
		00260B1F20C39DF0002B94E5 /* Resources */ = {
			isa = PBXResourcesBuildPhase;
			buildActionMask = 2147483647;
			files = (
				00260B3920C463A0002B94E5 /* TileSet.sks in Resources */,
				00260B2F20C39DF1002B94E5 /* LaunchScreen.storyboard in Resources */,
				00260B2C20C39DF1002B94E5 /* Assets.xcassets in Resources */,
			);
			runOnlyForDeploymentPostprocessing = 0;
		};
/* End PBXResourcesBuildPhase section */

/* Begin PBXSourcesBuildPhase section */
		00260B1D20C39DF0002B94E5 /* Sources */ = {
			isa = PBXSourcesBuildPhase;
			buildActionMask = 2147483647;
			files = (
				00260B2720C39DF1002B94E5 /* ViewController.swift in Sources */,
				00260B2520C39DF0002B94E5 /* AppDelegate.swift in Sources */,
			);
			runOnlyForDeploymentPostprocessing = 0;
		};
/* End PBXSourcesBuildPhase section */

/* Begin PBXVariantGroup section */
		00260B2D20C39DF1002B94E5 /* LaunchScreen.storyboard */ = {
			isa = PBXVariantGroup;
			children = (
				00260B2E20C39DF1002B94E5 /* Base */,
			);
			name = LaunchScreen.storyboard;
			sourceTree = "<group>";
		};
/* End PBXVariantGroup section */

/* Begin XCBuildConfiguration section */
		00260B3120C39DF1002B94E5 /* Debug */ = {
			isa = XCBuildConfiguration;
			buildSettings = {
				ALWAYS_SEARCH_USER_PATHS = NO;
				CLANG_ANALYZER_NONNULL = YES;
				CLANG_ANALYZER_NUMBER_OBJECT_CONVERSION = YES_AGGRESSIVE;
				CLANG_CXX_LANGUAGE_STANDARD = "gnu++14";
				CLANG_CXX_LIBRARY = "libc++";
				CLANG_ENABLE_MODULES = YES;
				CLANG_ENABLE_OBJC_ARC = YES;
				CLANG_ENABLE_OBJC_WEAK = YES;
				CLANG_WARN_BLOCK_CAPTURE_AUTORELEASING = YES;
				CLANG_WARN_BOOL_CONVERSION = YES;
				CLANG_WARN_COMMA = YES;
				CLANG_WARN_CONSTANT_CONVERSION = YES;
				CLANG_WARN_DEPRECATED_OBJC_IMPLEMENTATIONS = YES;
				CLANG_WARN_DIRECT_OBJC_ISA_USAGE = YES_ERROR;
				CLANG_WARN_DOCUMENTATION_COMMENTS = YES;
				CLANG_WARN_EMPTY_BODY = YES;
				CLANG_WARN_ENUM_CONVERSION = YES;
				CLANG_WARN_INFINITE_RECURSION = YES;
				CLANG_WARN_INT_CONVERSION = YES;
				CLANG_WARN_NON_LITERAL_NULL_CONVERSION = YES;
				CLANG_WARN_OBJC_IMPLICIT_RETAIN_SELF = YES;
				CLANG_WARN_OBJC_LITERAL_CONVERSION = YES;
				CLANG_WARN_OBJC_ROOT_CLASS = YES_ERROR;
				CLANG_WARN_RANGE_LOOP_ANALYSIS = YES;
				CLANG_WARN_STRICT_PROTOTYPES = YES;
				CLANG_WARN_SUSPICIOUS_MOVE = YES;
				CLANG_WARN_UNGUARDED_AVAILABILITY = YES_AGGRESSIVE;
				CLANG_WARN_UNREACHABLE_CODE = YES;
				CLANG_WARN__DUPLICATE_METHOD_MATCH = YES;
				CODE_SIGN_IDENTITY = "iPhone Developer";
				COPY_PHASE_STRIP = NO;
				DEBUG_INFORMATION_FORMAT = dwarf;
				ENABLE_STRICT_OBJC_MSGSEND = YES;
				ENABLE_TESTABILITY = YES;
				GCC_C_LANGUAGE_STANDARD = gnu11;
				GCC_DYNAMIC_NO_PIC = NO;
				GCC_NO_COMMON_BLOCKS = YES;
				GCC_OPTIMIZATION_LEVEL = 0;
				GCC_PREPROCESSOR_DEFINITIONS = (
					"DEBUG=1",
					"$(inherited)",
				);
				GCC_WARN_64_TO_32_BIT_CONVERSION = YES;
				GCC_WARN_ABOUT_RETURN_TYPE = YES_ERROR;
				GCC_WARN_UNDECLARED_SELECTOR = YES;
				GCC_WARN_UNINITIALIZED_AUTOS = YES_AGGRESSIVE;
				GCC_WARN_UNUSED_FUNCTION = YES;
				GCC_WARN_UNUSED_VARIABLE = YES;
				IPHONEOS_DEPLOYMENT_TARGET = 11.3;
				MTL_ENABLE_DEBUG_INFO = YES;
				ONLY_ACTIVE_ARCH = YES;
				SDKROOT = iphoneos;
				SWIFT_ACTIVE_COMPILATION_CONDITIONS = DEBUG;
				SWIFT_OPTIMIZATION_LEVEL = "-Onone";
			};
			name = Debug;
		};
		00260B3220C39DF1002B94E5 /* Release */ = {
			isa = XCBuildConfiguration;
			buildSettings = {
				ALWAYS_SEARCH_USER_PATHS = NO;
				CLANG_ANALYZER_NONNULL = YES;
				CLANG_ANALYZER_NUMBER_OBJECT_CONVERSION = YES_AGGRESSIVE;
				CLANG_CXX_LANGUAGE_STANDARD = "gnu++14";
				CLANG_CXX_LIBRARY = "libc++";
				CLANG_ENABLE_MODULES = YES;
				CLANG_ENABLE_OBJC_ARC = YES;
				CLANG_ENABLE_OBJC_WEAK = YES;
				CLANG_WARN_BLOCK_CAPTURE_AUTORELEASING = YES;
				CLANG_WARN_BOOL_CONVERSION = YES;
				CLANG_WARN_COMMA = YES;
				CLANG_WARN_CONSTANT_CONVERSION = YES;
				CLANG_WARN_DEPRECATED_OBJC_IMPLEMENTATIONS = YES;
				CLANG_WARN_DIRECT_OBJC_ISA_USAGE = YES_ERROR;
				CLANG_WARN_DOCUMENTATION_COMMENTS = YES;
				CLANG_WARN_EMPTY_BODY = YES;
				CLANG_WARN_ENUM_CONVERSION = YES;
				CLANG_WARN_INFINITE_RECURSION = YES;
				CLANG_WARN_INT_CONVERSION = YES;
				CLANG_WARN_NON_LITERAL_NULL_CONVERSION = YES;
				CLANG_WARN_OBJC_IMPLICIT_RETAIN_SELF = YES;
				CLANG_WARN_OBJC_LITERAL_CONVERSION = YES;
				CLANG_WARN_OBJC_ROOT_CLASS = YES_ERROR;
				CLANG_WARN_RANGE_LOOP_ANALYSIS = YES;
				CLANG_WARN_STRICT_PROTOTYPES = YES;
				CLANG_WARN_SUSPICIOUS_MOVE = YES;
				CLANG_WARN_UNGUARDED_AVAILABILITY = YES_AGGRESSIVE;
				CLANG_WARN_UNREACHABLE_CODE = YES;
				CLANG_WARN__DUPLICATE_METHOD_MATCH = YES;
				CODE_SIGN_IDENTITY = "iPhone Developer";
				COPY_PHASE_STRIP = NO;
				DEBUG_INFORMATION_FORMAT = "dwarf-with-dsym";
				ENABLE_NS_ASSERTIONS = NO;
				ENABLE_STRICT_OBJC_MSGSEND = YES;
				GCC_C_LANGUAGE_STANDARD = gnu11;
				GCC_NO_COMMON_BLOCKS = YES;
				GCC_WARN_64_TO_32_BIT_CONVERSION = YES;
				GCC_WARN_ABOUT_RETURN_TYPE = YES_ERROR;
				GCC_WARN_UNDECLARED_SELECTOR = YES;
				GCC_WARN_UNINITIALIZED_AUTOS = YES_AGGRESSIVE;
				GCC_WARN_UNUSED_FUNCTION = YES;
				GCC_WARN_UNUSED_VARIABLE = YES;
				IPHONEOS_DEPLOYMENT_TARGET = 11.3;
				MTL_ENABLE_DEBUG_INFO = NO;
				SDKROOT = iphoneos;
				SWIFT_COMPILATION_MODE = wholemodule;
				SWIFT_OPTIMIZATION_LEVEL = "-O";
				VALIDATE_PRODUCT = YES;
			};
			name = Release;
		};
		00260B3420C39DF1002B94E5 /* Debug */ = {
			isa = XCBuildConfiguration;
			buildSettings = {
				ASSETCATALOG_COMPILER_APPICON_NAME = AppIcon;
				CODE_SIGN_STYLE = Automatic;
				DEVELOPMENT_TEAM = 33NUGZ4GWE;
				INFOPLIST_FILE = "Creating Tile Maps and Setting Tiles/Info.plist";
				LD_RUNPATH_SEARCH_PATHS = (
					"$(inherited)",
					"@executable_path/Frameworks",
				);
				PRODUCT_BUNDLE_IDENTIFIER = "com.Creating-Tile-Maps-and-Setting-Tiles";
				PRODUCT_NAME = "$(TARGET_NAME)";
				SWIFT_VERSION = 4.0;
				TARGETED_DEVICE_FAMILY = "1,2";
			};
			name = Debug;
		};
		00260B3520C39DF1002B94E5 /* Release */ = {
			isa = XCBuildConfiguration;
			buildSettings = {
				ASSETCATALOG_COMPILER_APPICON_NAME = AppIcon;
				CODE_SIGN_STYLE = Automatic;
				DEVELOPMENT_TEAM = 33NUGZ4GWE;
				INFOPLIST_FILE = "Creating Tile Maps and Setting Tiles/Info.plist";
				LD_RUNPATH_SEARCH_PATHS = (
					"$(inherited)",
					"@executable_path/Frameworks",
				);
				PRODUCT_BUNDLE_IDENTIFIER = "com.Creating-Tile-Maps-and-Setting-Tiles";
				PRODUCT_NAME = "$(TARGET_NAME)";
				SWIFT_VERSION = 4.0;
				TARGETED_DEVICE_FAMILY = "1,2";
			};
			name = Release;
		};
/* End XCBuildConfiguration section */

/* Begin XCConfigurationList section */
		00260B1C20C39DF0002B94E5 /* Build configuration list for PBXProject "Creating Tile Maps and Setting Tiles" */ = {
			isa = XCConfigurationList;
			buildConfigurations = (
				00260B3120C39DF1002B94E5 /* Debug */,
				00260B3220C39DF1002B94E5 /* Release */,
			);
			defaultConfigurationIsVisible = 0;
			defaultConfigurationName = Release;
		};
		00260B3320C39DF1002B94E5 /* Build configuration list for PBXNativeTarget "Creating Tile Maps and Setting Tiles" */ = {
			isa = XCConfigurationList;
			buildConfigurations = (
				00260B3420C39DF1002B94E5 /* Debug */,
				00260B3520C39DF1002B94E5 /* Release */,
			);
			defaultConfigurationIsVisible = 0;
			defaultConfigurationName = Release;
		};
/* End XCConfigurationList section */
	};
	rootObject = 00260B1920C39DF0002B94E5 /* Project object */;
}
