// !$*UTF8*$!
{
	archiveVersion = 1;
	classes = {
	};
	objectVersion = 50;
	objects = {

/* Begin PBXBuildFile section */
		005A5CAD235BFB1F00417411 /* AppDelegate.swift in Sources */ = {isa = PBXBuildFile; fileRef = 005A5CAC235BFB1F00417411 /* AppDelegate.swift */; };
		005A5CAF235BFB1F00417411 /* SceneDelegate.swift in Sources */ = {isa = PBXBuildFile; fileRef = 005A5CAE235BFB1F00417411 /* SceneDelegate.swift */; };
		005A5CB1235BFB1F00417411 /* ContentView.swift in Sources */ = {isa = PBXBuildFile; fileRef = 005A5CB0235BFB1F00417411 /* ContentView.swift */; };
		005A5CB3235BFB2000417411 /* Assets.xcassets in Resources */ = {isa = PBXBuildFile; fileRef = 005A5CB2235BFB2000417411 /* Assets.xcassets */; };
		005A5CB6235BFB2000417411 /* Preview Assets.xcassets in Resources */ = {isa = PBXBuildFile; fileRef = 005A5CB5235BFB2000417411 /* Preview Assets.xcassets */; };
		005A5CB9235BFB2000417411 /* LaunchScreen.storyboard in Resources */ = {isa = PBXBuildFile; fileRef = 005A5CB7235BFB2000417411 /* LaunchScreen.storyboard */; };
		005A5CE1235C0A8300417411 /* LibraryView.swift in Sources */ = {isa = PBXBuildFile; fileRef = 005A5CE0235C0A8300417411 /* LibraryView.swift */; };
/* End PBXBuildFile section */

/* Begin PBXFileReference section */
		005A5CA9235BFB1F00417411 /* SwiftUI List.app */ = {isa = PBXFileReference; explicitFileType = wrapper.application; includeInIndex = 0; path = "SwiftUI List.app"; sourceTree = BUILT_PRODUCTS_DIR; };
		005A5CAC235BFB1F00417411 /* AppDelegate.swift */ = {isa = PBXFileReference; lastKnownFileType = sourcecode.swift; path = AppDelegate.swift; sourceTree = "<group>"; };
		005A5CAE235BFB1F00417411 /* SceneDelegate.swift */ = {isa = PBXFileReference; lastKnownFileType = sourcecode.swift; path = SceneDelegate.swift; sourceTree = "<group>"; };
		005A5CB0235BFB1F00417411 /* ContentView.swift */ = {isa = PBXFileReference; lastKnownFileType = sourcecode.swift; path = ContentView.swift; sourceTree = "<group>"; };
		005A5CB2235BFB2000417411 /* Assets.xcassets */ = {isa = PBXFileReference; lastKnownFileType = folder.assetcatalog; path = Assets.xcassets; sourceTree = "<group>"; };
		005A5CB5235BFB2000417411 /* Preview Assets.xcassets */ = {isa = PBXFileReference; lastKnownFileType = folder.assetcatalog; path = "Preview Assets.xcassets"; sourceTree = "<group>"; };
		005A5CB8235BFB2000417411 /* Base */ = {isa = PBXFileReference; lastKnownFileType = file.storyboard; name = Base; path = Base.lproj/LaunchScreen.storyboard; sourceTree = "<group>"; };
		005A5CBA235BFB2000417411 /* Info.plist */ = {isa = PBXFileReference; lastKnownFileType = text.plist.xml; path = Info.plist; sourceTree = "<group>"; };
		005A5CE0235C0A8300417411 /* LibraryView.swift */ = {isa = PBXFileReference; lastKnownFileType = sourcecode.swift; path = LibraryView.swift; sourceTree = "<group>"; };
/* End PBXFileReference section */

/* Begin PBXFrameworksBuildPhase section */
		005A5CA6235BFB1F00417411 /* Frameworks */ = {
			isa = PBXFrameworksBuildPhase;
			buildActionMask = 2147483647;
			files = (
			);
			runOnlyForDeploymentPostprocessing = 0;
		};
/* End PBXFrameworksBuildPhase section */

/* Begin PBXGroup section */
		005A5CA0235BFB1F00417411 = {
			isa = PBXGroup;
			children = (
				005A5CAB235BFB1F00417411 /* SwiftUI List */,
				005A5CAA235BFB1F00417411 /* Products */,
			);
			sourceTree = "<group>";
		};
		005A5CAA235BFB1F00417411 /* Products */ = {
			isa = PBXGroup;
			children = (
				005A5CA9235BFB1F00417411 /* SwiftUI List.app */,
			);
			name = Products;
			sourceTree = "<group>";
		};
		005A5CAB235BFB1F00417411 /* SwiftUI List */ = {
			isa = PBXGroup;
			children = (
				005A5CAC235BFB1F00417411 /* AppDelegate.swift */,
				005A5CAE235BFB1F00417411 /* SceneDelegate.swift */,
				005A5CB0235BFB1F00417411 /* ContentView.swift */,
				005A5CE0235C0A8300417411 /* LibraryView.swift */,
				005A5CB2235BFB2000417411 /* Assets.xcassets */,
				005A5CB7235BFB2000417411 /* LaunchScreen.storyboard */,
				005A5CBA235BFB2000417411 /* Info.plist */,
				005A5CB4235BFB2000417411 /* Preview Content */,
			);
			path = "SwiftUI List";
			sourceTree = "<group>";
		};
		005A5CB4235BFB2000417411 /* Preview Content */ = {
			isa = PBXGroup;
			children = (
				005A5CB5235BFB2000417411 /* Preview Assets.xcassets */,
			);
			path = "Preview Content";
			sourceTree = "<group>";
		};
/* End PBXGroup section */

/* Begin PBXNativeTarget section */
		005A5CA8235BFB1F00417411 /* SwiftUI List */ = {
			isa = PBXNativeTarget;
			buildConfigurationList = 005A5CBD235BFB2000417411 /* Build configuration list for PBXNativeTarget "SwiftUI List" */;
			buildPhases = (
				005A5CA5235BFB1F00417411 /* Sources */,
				005A5CA6235BFB1F00417411 /* Frameworks */,
				005A5CA7235BFB1F00417411 /* Resources */,
			);
			buildRules = (
			);
			dependencies = (
			);
			name = "SwiftUI List";
			productName = "SwiftUI List";
			productReference = 005A5CA9235BFB1F00417411 /* SwiftUI List.app */;
			productType = "com.apple.product-type.application";
		};
/* End PBXNativeTarget section */

/* Begin PBXProject section */
		005A5CA1235BFB1F00417411 /* Project object */ = {
			isa = PBXProject;
			attributes = {
				LastSwiftUpdateCheck = 1110;
				LastUpgradeCheck = 1110;
				ORGANIZATIONNAME = "Caleb Wells";
				TargetAttributes = {
					005A5CA8235BFB1F00417411 = {
						CreatedOnToolsVersion = 11.1;
					};
				};
			};
			buildConfigurationList = 005A5CA4235BFB1F00417411 /* Build configuration list for PBXProject "SwiftUI List" */;
			compatibilityVersion = "Xcode 9.3";
			developmentRegion = en;
			hasScannedForEncodings = 0;
			knownRegions = (
				en,
				Base,
			);
			mainGroup = 005A5CA0235BFB1F00417411;
			productRefGroup = 005A5CAA235BFB1F00417411 /* Products */;
			projectDirPath = "";
			projectRoot = "";
			targets = (
				005A5CA8235BFB1F00417411 /* SwiftUI List */,
			);
		};
/* End PBXProject section */

/* Begin PBXResourcesBuildPhase section */
		005A5CA7235BFB1F00417411 /* Resources */ = {
			isa = PBXResourcesBuildPhase;
			buildActionMask = 2147483647;
			files = (
				005A5CB9235BFB2000417411 /* LaunchScreen.storyboard in Resources */,
				005A5CB6235BFB2000417411 /* Preview Assets.xcassets in Resources */,
				005A5CB3235BFB2000417411 /* Assets.xcassets in Resources */,
			);
			runOnlyForDeploymentPostprocessing = 0;
		};
/* End PBXResourcesBuildPhase section */

/* Begin PBXSourcesBuildPhase section */
		005A5CA5235BFB1F00417411 /* Sources */ = {
			isa = PBXSourcesBuildPhase;
			buildActionMask = 2147483647;
			files = (
				005A5CE1235C0A8300417411 /* LibraryView.swift in Sources */,
				005A5CAD235BFB1F00417411 /* AppDelegate.swift in Sources */,
				005A5CAF235BFB1F00417411 /* SceneDelegate.swift in Sources */,
				005A5CB1235BFB1F00417411 /* ContentView.swift in Sources */,
			);
			runOnlyForDeploymentPostprocessing = 0;
		};
/* End PBXSourcesBuildPhase section */

/* Begin PBXVariantGroup section */
		005A5CB7235BFB2000417411 /* LaunchScreen.storyboard */ = {
			isa = PBXVariantGroup;
			children = (
				005A5CB8235BFB2000417411 /* Base */,
			);
			name = LaunchScreen.storyboard;
			sourceTree = "<group>";
		};
/* End PBXVariantGroup section */

/* Begin XCBuildConfiguration section */
		005A5CBB235BFB2000417411 /* Debug */ = {
			isa = XCBuildConfiguration;
			buildSettings = {
				ALWAYS_SEARCH_USER_PATHS = NO;
				CLANG_ANALYZER_NONNULL = YES;
				CLANG_ANALYZER_NUMBER_OBJECT_CONVERSION = YES_AGGRESSIVE;
				CLANG_CXX_LANGUAGE_STANDARD = "gnu++14";
				CLANG_CXX_LIBRARY = "libc++";
				CLANG_ENABLE_MODULES = YES;
				CLANG_ENABLE_OBJC_ARC = YES;
				CLANG_ENABLE_OBJC_WEAK = YES;
				CLANG_WARN_BLOCK_CAPTURE_AUTORELEASING = YES;
				CLANG_WARN_BOOL_CONVERSION = YES;
				CLANG_WARN_COMMA = YES;
				CLANG_WARN_CONSTANT_CONVERSION = YES;
				CLANG_WARN_DEPRECATED_OBJC_IMPLEMENTATIONS = YES;
				CLANG_WARN_DIRECT_OBJC_ISA_USAGE = YES_ERROR;
				CLANG_WARN_DOCUMENTATION_COMMENTS = YES;
				CLANG_WARN_EMPTY_BODY = YES;
				CLANG_WARN_ENUM_CONVERSION = YES;
				CLANG_WARN_INFINITE_RECURSION = YES;
				CLANG_WARN_INT_CONVERSION = YES;
				CLANG_WARN_NON_LITERAL_NULL_CONVERSION = YES;
				CLANG_WARN_OBJC_IMPLICIT_RETAIN_SELF = YES;
				CLANG_WARN_OBJC_LITERAL_CONVERSION = YES;
				CLANG_WARN_OBJC_ROOT_CLASS = YES_ERROR;
				CLANG_WARN_RANGE_LOOP_ANALYSIS = YES;
				CLANG_WARN_STRICT_PROTOTYPES = YES;
				CLANG_WARN_SUSPICIOUS_MOVE = YES;
				CLANG_WARN_UNGUARDED_AVAILABILITY = YES_AGGRESSIVE;
				CLANG_WARN_UNREACHABLE_CODE = YES;
				CLANG_WARN__DUPLICATE_METHOD_MATCH = YES;
				COPY_PHASE_STRIP = NO;
				DEBUG_INFORMATION_FORMAT = dwarf;
				ENABLE_STRICT_OBJC_MSGSEND = YES;
				ENABLE_TESTABILITY = YES;
				GCC_C_LANGUAGE_STANDARD = gnu11;
				GCC_DYNAMIC_NO_PIC = NO;
				GCC_NO_COMMON_BLOCKS = YES;
				GCC_OPTIMIZATION_LEVEL = 0;
				GCC_PREPROCESSOR_DEFINITIONS = (
					"DEBUG=1",
					"$(inherited)",
				);
				GCC_WARN_64_TO_32_BIT_CONVERSION = YES;
				GCC_WARN_ABOUT_RETURN_TYPE = YES_ERROR;
				GCC_WARN_UNDECLARED_SELECTOR = YES;
				GCC_WARN_UNINITIALIZED_AUTOS = YES_AGGRESSIVE;
				GCC_WARN_UNUSED_FUNCTION = YES;
				GCC_WARN_UNUSED_VARIABLE = YES;
				IPHONEOS_DEPLOYMENT_TARGET = 13.1;
				MTL_ENABLE_DEBUG_INFO = INCLUDE_SOURCE;
				MTL_FAST_MATH = YES;
				ONLY_ACTIVE_ARCH = YES;
				SDKROOT = iphoneos;
				SWIFT_ACTIVE_COMPILATION_CONDITIONS = DEBUG;
				SWIFT_OPTIMIZATION_LEVEL = "-Onone";
			};
			name = Debug;
		};
		005A5CBC235BFB2000417411 /* Release */ = {
			isa = XCBuildConfiguration;
			buildSettings = {
				ALWAYS_SEARCH_USER_PATHS = NO;
				CLANG_ANALYZER_NONNULL = YES;
				CLANG_ANALYZER_NUMBER_OBJECT_CONVERSION = YES_AGGRESSIVE;
				CLANG_CXX_LANGUAGE_STANDARD = "gnu++14";
				CLANG_CXX_LIBRARY = "libc++";
				CLANG_ENABLE_MODULES = YES;
				CLANG_ENABLE_OBJC_ARC = YES;
				CLANG_ENABLE_OBJC_WEAK = YES;
				CLANG_WARN_BLOCK_CAPTURE_AUTORELEASING = YES;
				CLANG_WARN_BOOL_CONVERSION = YES;
				CLANG_WARN_COMMA = YES;
				CLANG_WARN_CONSTANT_CONVERSION = YES;
				CLANG_WARN_DEPRECATED_OBJC_IMPLEMENTATIONS = YES;
				CLANG_WARN_DIRECT_OBJC_ISA_USAGE = YES_ERROR;
				CLANG_WARN_DOCUMENTATION_COMMENTS = YES;
				CLANG_WARN_EMPTY_BODY = YES;
				CLANG_WARN_ENUM_CONVERSION = YES;
				CLANG_WARN_INFINITE_RECURSION = YES;
				CLANG_WARN_INT_CONVERSION = YES;
				CLANG_WARN_NON_LITERAL_NULL_CONVERSION = YES;
				CLANG_WARN_OBJC_IMPLICIT_RETAIN_SELF = YES;
				CLANG_WARN_OBJC_LITERAL_CONVERSION = YES;
				CLANG_WARN_OBJC_ROOT_CLASS = YES_ERROR;
				CLANG_WARN_RANGE_LOOP_ANALYSIS = YES;
				CLANG_WARN_STRICT_PROTOTYPES = YES;
				CLANG_WARN_SUSPICIOUS_MOVE = YES;
				CLANG_WARN_UNGUARDED_AVAILABILITY = YES_AGGRESSIVE;
				CLANG_WARN_UNREACHABLE_CODE = YES;
				CLANG_WARN__DUPLICATE_METHOD_MATCH = YES;
				COPY_PHASE_STRIP = NO;
				DEBUG_INFORMATION_FORMAT = "dwarf-with-dsym";
				ENABLE_NS_ASSERTIONS = NO;
				ENABLE_STRICT_OBJC_MSGSEND = YES;
				GCC_C_LANGUAGE_STANDARD = gnu11;
				GCC_NO_COMMON_BLOCKS = YES;
				GCC_WARN_64_TO_32_BIT_CONVERSION = YES;
				GCC_WARN_ABOUT_RETURN_TYPE = YES_ERROR;
				GCC_WARN_UNDECLARED_SELECTOR = YES;
				GCC_WARN_UNINITIALIZED_AUTOS = YES_AGGRESSIVE;
				GCC_WARN_UNUSED_FUNCTION = YES;
				GCC_WARN_UNUSED_VARIABLE = YES;
				IPHONEOS_DEPLOYMENT_TARGET = 13.1;
				MTL_ENABLE_DEBUG_INFO = NO;
				MTL_FAST_MATH = YES;
				SDKROOT = iphoneos;
				SWIFT_COMPILATION_MODE = wholemodule;
				SWIFT_OPTIMIZATION_LEVEL = "-O";
				VALIDATE_PRODUCT = YES;
			};
			name = Release;
		};
		005A5CBE235BFB2000417411 /* Debug */ = {
			isa = XCBuildConfiguration;
			buildSettings = {
				ASSETCATALOG_COMPILER_APPICON_NAME = AppIcon;
				CODE_SIGN_STYLE = Automatic;
				DEVELOPMENT_ASSET_PATHS = "\"SwiftUI List/Preview Content\"";
				DEVELOPMENT_TEAM = 33NUGZ4GWE;
				ENABLE_PREVIEWS = YES;
				INFOPLIST_FILE = "SwiftUI List/Info.plist";
				LD_RUNPATH_SEARCH_PATHS = (
					"$(inherited)",
					"@executable_path/Frameworks",
				);
				PRODUCT_BUNDLE_IDENTIFIER = "dev.calebwells.SwiftUI-List";
				PRODUCT_NAME = "$(TARGET_NAME)";
				SWIFT_VERSION = 5.0;
				TARGETED_DEVICE_FAMILY = "1,2";
			};
			name = Debug;
		};
		005A5CBF235BFB2000417411 /* Release */ = {
			isa = XCBuildConfiguration;
			buildSettings = {
				ASSETCATALOG_COMPILER_APPICON_NAME = AppIcon;
				CODE_SIGN_STYLE = Automatic;
				DEVELOPMENT_ASSET_PATHS = "\"SwiftUI List/Preview Content\"";
				DEVELOPMENT_TEAM = 33NUGZ4GWE;
				ENABLE_PREVIEWS = YES;
				INFOPLIST_FILE = "SwiftUI List/Info.plist";
				LD_RUNPATH_SEARCH_PATHS = (
					"$(inherited)",
					"@executable_path/Frameworks",
				);
				PRODUCT_BUNDLE_IDENTIFIER = "dev.calebwells.SwiftUI-List";
				PRODUCT_NAME = "$(TARGET_NAME)";
				SWIFT_VERSION = 5.0;
				TARGETED_DEVICE_FAMILY = "1,2";
			};
			name = Release;
		};
/* End XCBuildConfiguration section */

/* Begin XCConfigurationList section */
		005A5CA4235BFB1F00417411 /* Build configuration list for PBXProject "SwiftUI List" */ = {
			isa = XCConfigurationList;
			buildConfigurations = (
				005A5CBB235BFB2000417411 /* Debug */,
				005A5CBC235BFB2000417411 /* Release */,
			);
			defaultConfigurationIsVisible = 0;
			defaultConfigurationName = Release;
		};
		005A5CBD235BFB2000417411 /* Build configuration list for PBXNativeTarget "SwiftUI List" */ = {
			isa = XCConfigurationList;
			buildConfigurations = (
				005A5CBE235BFB2000417411 /* Debug */,
				005A5CBF235BFB2000417411 /* Release */,
			);
			defaultConfigurationIsVisible = 0;
			defaultConfigurationName = Release;
		};
/* End XCConfigurationList section */
	};
	rootObject = 005A5CA1235BFB1F00417411 /* Project object */;
}
