// !$*UTF8*$!
{
	archiveVersion = 1;
	classes = {
	};
	objectVersion = 50;
	objects = {

/* Begin PBXBuildFile section */
		00DEB58D2365595200F1E0DC /* AppDelegate.swift in Sources */ = {isa = PBXBuildFile; fileRef = 00DEB58C2365595200F1E0DC /* AppDelegate.swift */; };
		00DEB58F2365595200F1E0DC /* SceneDelegate.swift in Sources */ = {isa = PBXBuildFile; fileRef = 00DEB58E2365595200F1E0DC /* SceneDelegate.swift */; };
		00DEB5912365595200F1E0DC /* ContentView.swift in Sources */ = {isa = PBXBuildFile; fileRef = 00DEB5902365595200F1E0DC /* ContentView.swift */; };
		00DEB5932365595300F1E0DC /* Assets.xcassets in Resources */ = {isa = PBXBuildFile; fileRef = 00DEB5922365595300F1E0DC /* Assets.xcassets */; };
		00DEB5962365595300F1E0DC /* Preview Assets.xcassets in Resources */ = {isa = PBXBuildFile; fileRef = 00DEB5952365595300F1E0DC /* Preview Assets.xcassets */; };
		00DEB5992365595300F1E0DC /* LaunchScreen.storyboard in Resources */ = {isa = PBXBuildFile; fileRef = 00DEB5972365595300F1E0DC /* LaunchScreen.storyboard */; };
		00DEB5A123655D8B00F1E0DC /* HomeView.swift in Sources */ = {isa = PBXBuildFile; fileRef = 00DEB5A023655D8B00F1E0DC /* HomeView.swift */; };
		00DEB5A323655E8C00F1E0DC /* TopView.swift in Sources */ = {isa = PBXBuildFile; fileRef = 00DEB5A223655E8C00F1E0DC /* TopView.swift */; };
		00DEB5A52365622700F1E0DC /* ButtonHstackView.swift in Sources */ = {isa = PBXBuildFile; fileRef = 00DEB5A42365622700F1E0DC /* ButtonHstackView.swift */; };
		00DEB5A72365653000F1E0DC /* MainListView.swift in Sources */ = {isa = PBXBuildFile; fileRef = 00DEB5A62365653000F1E0DC /* MainListView.swift */; };
/* End PBXBuildFile section */

/* Begin PBXFileReference section */
		00DEB5892365595200F1E0DC /* Stream 12.app */ = {isa = PBXFileReference; explicitFileType = wrapper.application; includeInIndex = 0; path = "Stream 12.app"; sourceTree = BUILT_PRODUCTS_DIR; };
		00DEB58C2365595200F1E0DC /* AppDelegate.swift */ = {isa = PBXFileReference; lastKnownFileType = sourcecode.swift; path = AppDelegate.swift; sourceTree = "<group>"; };
		00DEB58E2365595200F1E0DC /* SceneDelegate.swift */ = {isa = PBXFileReference; lastKnownFileType = sourcecode.swift; path = SceneDelegate.swift; sourceTree = "<group>"; };
		00DEB5902365595200F1E0DC /* ContentView.swift */ = {isa = PBXFileReference; lastKnownFileType = sourcecode.swift; path = ContentView.swift; sourceTree = "<group>"; };
		00DEB5922365595300F1E0DC /* Assets.xcassets */ = {isa = PBXFileReference; lastKnownFileType = folder.assetcatalog; path = Assets.xcassets; sourceTree = "<group>"; };
		00DEB5952365595300F1E0DC /* Preview Assets.xcassets */ = {isa = PBXFileReference; lastKnownFileType = folder.assetcatalog; path = "Preview Assets.xcassets"; sourceTree = "<group>"; };
		00DEB5982365595300F1E0DC /* Base */ = {isa = PBXFileReference; lastKnownFileType = file.storyboard; name = Base; path = Base.lproj/LaunchScreen.storyboard; sourceTree = "<group>"; };
		00DEB59A2365595300F1E0DC /* Info.plist */ = {isa = PBXFileReference; lastKnownFileType = text.plist.xml; path = Info.plist; sourceTree = "<group>"; };
		00DEB5A023655D8B00F1E0DC /* HomeView.swift */ = {isa = PBXFileReference; lastKnownFileType = sourcecode.swift; path = HomeView.swift; sourceTree = "<group>"; };
		00DEB5A223655E8C00F1E0DC /* TopView.swift */ = {isa = PBXFileReference; lastKnownFileType = sourcecode.swift; path = TopView.swift; sourceTree = "<group>"; };
		00DEB5A42365622700F1E0DC /* ButtonHstackView.swift */ = {isa = PBXFileReference; lastKnownFileType = sourcecode.swift; path = ButtonHstackView.swift; sourceTree = "<group>"; };
		00DEB5A62365653000F1E0DC /* MainListView.swift */ = {isa = PBXFileReference; lastKnownFileType = sourcecode.swift; path = MainListView.swift; sourceTree = "<group>"; };
/* End PBXFileReference section */

/* Begin PBXFrameworksBuildPhase section */
		00DEB5862365595200F1E0DC /* Frameworks */ = {
			isa = PBXFrameworksBuildPhase;
			buildActionMask = 2147483647;
			files = (
			);
			runOnlyForDeploymentPostprocessing = 0;
		};
/* End PBXFrameworksBuildPhase section */

/* Begin PBXGroup section */
		00DEB5802365595200F1E0DC = {
			isa = PBXGroup;
			children = (
				00DEB58B2365595200F1E0DC /* Stream 12 */,
				00DEB58A2365595200F1E0DC /* Products */,
			);
			sourceTree = "<group>";
		};
		00DEB58A2365595200F1E0DC /* Products */ = {
			isa = PBXGroup;
			children = (
				00DEB5892365595200F1E0DC /* Stream 12.app */,
			);
			name = Products;
			sourceTree = "<group>";
		};
		00DEB58B2365595200F1E0DC /* Stream 12 */ = {
			isa = PBXGroup;
			children = (
				00DEB58C2365595200F1E0DC /* AppDelegate.swift */,
				00DEB58E2365595200F1E0DC /* SceneDelegate.swift */,
				00DEB5902365595200F1E0DC /* ContentView.swift */,
				00DEB5A023655D8B00F1E0DC /* HomeView.swift */,
				00DEB5A223655E8C00F1E0DC /* TopView.swift */,
				00DEB5A42365622700F1E0DC /* ButtonHstackView.swift */,
				00DEB5A62365653000F1E0DC /* MainListView.swift */,
				00DEB5922365595300F1E0DC /* Assets.xcassets */,
				00DEB5972365595300F1E0DC /* LaunchScreen.storyboard */,
				00DEB59A2365595300F1E0DC /* Info.plist */,
				00DEB5942365595300F1E0DC /* Preview Content */,
			);
			path = "Stream 12";
			sourceTree = "<group>";
		};
		00DEB5942365595300F1E0DC /* Preview Content */ = {
			isa = PBXGroup;
			children = (
				00DEB5952365595300F1E0DC /* Preview Assets.xcassets */,
			);
			path = "Preview Content";
			sourceTree = "<group>";
		};
/* End PBXGroup section */

/* Begin PBXNativeTarget section */
		00DEB5882365595200F1E0DC /* Stream 12 */ = {
			isa = PBXNativeTarget;
			buildConfigurationList = 00DEB59D2365595300F1E0DC /* Build configuration list for PBXNativeTarget "Stream 12" */;
			buildPhases = (
				00DEB5852365595200F1E0DC /* Sources */,
				00DEB5862365595200F1E0DC /* Frameworks */,
				00DEB5872365595200F1E0DC /* Resources */,
			);
			buildRules = (
			);
			dependencies = (
			);
			name = "Stream 12";
			productName = "Stream 12";
			productReference = 00DEB5892365595200F1E0DC /* Stream 12.app */;
			productType = "com.apple.product-type.application";
		};
/* End PBXNativeTarget section */

/* Begin PBXProject section */
		00DEB5812365595200F1E0DC /* Project object */ = {
			isa = PBXProject;
			attributes = {
				LastSwiftUpdateCheck = 1110;
				LastUpgradeCheck = 1110;
				ORGANIZATIONNAME = "Caleb Wells";
				TargetAttributes = {
					00DEB5882365595200F1E0DC = {
						CreatedOnToolsVersion = 11.1;
					};
				};
			};
			buildConfigurationList = 00DEB5842365595200F1E0DC /* Build configuration list for PBXProject "Stream 12" */;
			compatibilityVersion = "Xcode 9.3";
			developmentRegion = en;
			hasScannedForEncodings = 0;
			knownRegions = (
				en,
				Base,
			);
			mainGroup = 00DEB5802365595200F1E0DC;
			productRefGroup = 00DEB58A2365595200F1E0DC /* Products */;
			projectDirPath = "";
			projectRoot = "";
			targets = (
				00DEB5882365595200F1E0DC /* Stream 12 */,
			);
		};
/* End PBXProject section */

/* Begin PBXResourcesBuildPhase section */
		00DEB5872365595200F1E0DC /* Resources */ = {
			isa = PBXResourcesBuildPhase;
			buildActionMask = 2147483647;
			files = (
				00DEB5992365595300F1E0DC /* LaunchScreen.storyboard in Resources */,
				00DEB5962365595300F1E0DC /* Preview Assets.xcassets in Resources */,
				00DEB5932365595300F1E0DC /* Assets.xcassets in Resources */,
			);
			runOnlyForDeploymentPostprocessing = 0;
		};
/* End PBXResourcesBuildPhase section */

/* Begin PBXSourcesBuildPhase section */
		00DEB5852365595200F1E0DC /* Sources */ = {
			isa = PBXSourcesBuildPhase;
			buildActionMask = 2147483647;
			files = (
				00DEB5A52365622700F1E0DC /* ButtonHstackView.swift in Sources */,
				00DEB58D2365595200F1E0DC /* AppDelegate.swift in Sources */,
				00DEB5A323655E8C00F1E0DC /* TopView.swift in Sources */,
				00DEB5A123655D8B00F1E0DC /* HomeView.swift in Sources */,
				00DEB5A72365653000F1E0DC /* MainListView.swift in Sources */,
				00DEB58F2365595200F1E0DC /* SceneDelegate.swift in Sources */,
				00DEB5912365595200F1E0DC /* ContentView.swift in Sources */,
			);
			runOnlyForDeploymentPostprocessing = 0;
		};
/* End PBXSourcesBuildPhase section */

/* Begin PBXVariantGroup section */
		00DEB5972365595300F1E0DC /* LaunchScreen.storyboard */ = {
			isa = PBXVariantGroup;
			children = (
				00DEB5982365595300F1E0DC /* Base */,
			);
			name = LaunchScreen.storyboard;
			sourceTree = "<group>";
		};
/* End PBXVariantGroup section */

/* Begin XCBuildConfiguration section */
		00DEB59B2365595300F1E0DC /* Debug */ = {
			isa = XCBuildConfiguration;
			buildSettings = {
				ALWAYS_SEARCH_USER_PATHS = NO;
				CLANG_ANALYZER_NONNULL = YES;
				CLANG_ANALYZER_NUMBER_OBJECT_CONVERSION = YES_AGGRESSIVE;
				CLANG_CXX_LANGUAGE_STANDARD = "gnu++14";
				CLANG_CXX_LIBRARY = "libc++";
				CLANG_ENABLE_MODULES = YES;
				CLANG_ENABLE_OBJC_ARC = YES;
				CLANG_ENABLE_OBJC_WEAK = YES;
				CLANG_WARN_BLOCK_CAPTURE_AUTORELEASING = YES;
				CLANG_WARN_BOOL_CONVERSION = YES;
				CLANG_WARN_COMMA = YES;
				CLANG_WARN_CONSTANT_CONVERSION = YES;
				CLANG_WARN_DEPRECATED_OBJC_IMPLEMENTATIONS = YES;
				CLANG_WARN_DIRECT_OBJC_ISA_USAGE = YES_ERROR;
				CLANG_WARN_DOCUMENTATION_COMMENTS = YES;
				CLANG_WARN_EMPTY_BODY = YES;
				CLANG_WARN_ENUM_CONVERSION = YES;
				CLANG_WARN_INFINITE_RECURSION = YES;
				CLANG_WARN_INT_CONVERSION = YES;
				CLANG_WARN_NON_LITERAL_NULL_CONVERSION = YES;
				CLANG_WARN_OBJC_IMPLICIT_RETAIN_SELF = YES;
				CLANG_WARN_OBJC_LITERAL_CONVERSION = YES;
				CLANG_WARN_OBJC_ROOT_CLASS = YES_ERROR;
				CLANG_WARN_RANGE_LOOP_ANALYSIS = YES;
				CLANG_WARN_STRICT_PROTOTYPES = YES;
				CLANG_WARN_SUSPICIOUS_MOVE = YES;
				CLANG_WARN_UNGUARDED_AVAILABILITY = YES_AGGRESSIVE;
				CLANG_WARN_UNREACHABLE_CODE = YES;
				CLANG_WARN__DUPLICATE_METHOD_MATCH = YES;
				COPY_PHASE_STRIP = NO;
				DEBUG_INFORMATION_FORMAT = dwarf;
				ENABLE_STRICT_OBJC_MSGSEND = YES;
				ENABLE_TESTABILITY = YES;
				GCC_C_LANGUAGE_STANDARD = gnu11;
				GCC_DYNAMIC_NO_PIC = NO;
				GCC_NO_COMMON_BLOCKS = YES;
				GCC_OPTIMIZATION_LEVEL = 0;
				GCC_PREPROCESSOR_DEFINITIONS = (
					"DEBUG=1",
					"$(inherited)",
				);
				GCC_WARN_64_TO_32_BIT_CONVERSION = YES;
				GCC_WARN_ABOUT_RETURN_TYPE = YES_ERROR;
				GCC_WARN_UNDECLARED_SELECTOR = YES;
				GCC_WARN_UNINITIALIZED_AUTOS = YES_AGGRESSIVE;
				GCC_WARN_UNUSED_FUNCTION = YES;
				GCC_WARN_UNUSED_VARIABLE = YES;
				IPHONEOS_DEPLOYMENT_TARGET = 13.1;
				MTL_ENABLE_DEBUG_INFO = INCLUDE_SOURCE;
				MTL_FAST_MATH = YES;
				ONLY_ACTIVE_ARCH = YES;
				SDKROOT = iphoneos;
				SWIFT_ACTIVE_COMPILATION_CONDITIONS = DEBUG;
				SWIFT_OPTIMIZATION_LEVEL = "-Onone";
			};
			name = Debug;
		};
		00DEB59C2365595300F1E0DC /* Release */ = {
			isa = XCBuildConfiguration;
			buildSettings = {
				ALWAYS_SEARCH_USER_PATHS = NO;
				CLANG_ANALYZER_NONNULL = YES;
				CLANG_ANALYZER_NUMBER_OBJECT_CONVERSION = YES_AGGRESSIVE;
				CLANG_CXX_LANGUAGE_STANDARD = "gnu++14";
				CLANG_CXX_LIBRARY = "libc++";
				CLANG_ENABLE_MODULES = YES;
				CLANG_ENABLE_OBJC_ARC = YES;
				CLANG_ENABLE_OBJC_WEAK = YES;
				CLANG_WARN_BLOCK_CAPTURE_AUTORELEASING = YES;
				CLANG_WARN_BOOL_CONVERSION = YES;
				CLANG_WARN_COMMA = YES;
				CLANG_WARN_CONSTANT_CONVERSION = YES;
				CLANG_WARN_DEPRECATED_OBJC_IMPLEMENTATIONS = YES;
				CLANG_WARN_DIRECT_OBJC_ISA_USAGE = YES_ERROR;
				CLANG_WARN_DOCUMENTATION_COMMENTS = YES;
				CLANG_WARN_EMPTY_BODY = YES;
				CLANG_WARN_ENUM_CONVERSION = YES;
				CLANG_WARN_INFINITE_RECURSION = YES;
				CLANG_WARN_INT_CONVERSION = YES;
				CLANG_WARN_NON_LITERAL_NULL_CONVERSION = YES;
				CLANG_WARN_OBJC_IMPLICIT_RETAIN_SELF = YES;
				CLANG_WARN_OBJC_LITERAL_CONVERSION = YES;
				CLANG_WARN_OBJC_ROOT_CLASS = YES_ERROR;
				CLANG_WARN_RANGE_LOOP_ANALYSIS = YES;
				CLANG_WARN_STRICT_PROTOTYPES = YES;
				CLANG_WARN_SUSPICIOUS_MOVE = YES;
				CLANG_WARN_UNGUARDED_AVAILABILITY = YES_AGGRESSIVE;
				CLANG_WARN_UNREACHABLE_CODE = YES;
				CLANG_WARN__DUPLICATE_METHOD_MATCH = YES;
				COPY_PHASE_STRIP = NO;
				DEBUG_INFORMATION_FORMAT = "dwarf-with-dsym";
				ENABLE_NS_ASSERTIONS = NO;
				ENABLE_STRICT_OBJC_MSGSEND = YES;
				GCC_C_LANGUAGE_STANDARD = gnu11;
				GCC_NO_COMMON_BLOCKS = YES;
				GCC_WARN_64_TO_32_BIT_CONVERSION = YES;
				GCC_WARN_ABOUT_RETURN_TYPE = YES_ERROR;
				GCC_WARN_UNDECLARED_SELECTOR = YES;
				GCC_WARN_UNINITIALIZED_AUTOS = YES_AGGRESSIVE;
				GCC_WARN_UNUSED_FUNCTION = YES;
				GCC_WARN_UNUSED_VARIABLE = YES;
				IPHONEOS_DEPLOYMENT_TARGET = 13.1;
				MTL_ENABLE_DEBUG_INFO = NO;
				MTL_FAST_MATH = YES;
				SDKROOT = iphoneos;
				SWIFT_COMPILATION_MODE = wholemodule;
				SWIFT_OPTIMIZATION_LEVEL = "-O";
				VALIDATE_PRODUCT = YES;
			};
			name = Release;
		};
		00DEB59E2365595300F1E0DC /* Debug */ = {
			isa = XCBuildConfiguration;
			buildSettings = {
				ASSETCATALOG_COMPILER_APPICON_NAME = AppIcon;
				CODE_SIGN_STYLE = Automatic;
				DEVELOPMENT_ASSET_PATHS = "\"Stream 12/Preview Content\"";
				DEVELOPMENT_TEAM = 33NUGZ4GWE;
				ENABLE_PREVIEWS = YES;
				INFOPLIST_FILE = "Stream 12/Info.plist";
				LD_RUNPATH_SEARCH_PATHS = (
					"$(inherited)",
					"@executable_path/Frameworks",
				);
				PRODUCT_BUNDLE_IDENTIFIER = "dev.calebwells.Stream-12";
				PRODUCT_NAME = "$(TARGET_NAME)";
				SWIFT_VERSION = 5.0;
				TARGETED_DEVICE_FAMILY = "1,2";
			};
			name = Debug;
		};
		00DEB59F2365595300F1E0DC /* Release */ = {
			isa = XCBuildConfiguration;
			buildSettings = {
				ASSETCATALOG_COMPILER_APPICON_NAME = AppIcon;
				CODE_SIGN_STYLE = Automatic;
				DEVELOPMENT_ASSET_PATHS = "\"Stream 12/Preview Content\"";
				DEVELOPMENT_TEAM = 33NUGZ4GWE;
				ENABLE_PREVIEWS = YES;
				INFOPLIST_FILE = "Stream 12/Info.plist";
				LD_RUNPATH_SEARCH_PATHS = (
					"$(inherited)",
					"@executable_path/Frameworks",
				);
				PRODUCT_BUNDLE_IDENTIFIER = "dev.calebwells.Stream-12";
				PRODUCT_NAME = "$(TARGET_NAME)";
				SWIFT_VERSION = 5.0;
				TARGETED_DEVICE_FAMILY = "1,2";
			};
			name = Release;
		};
/* End XCBuildConfiguration section */

/* Begin XCConfigurationList section */
		00DEB5842365595200F1E0DC /* Build configuration list for PBXProject "Stream 12" */ = {
			isa = XCConfigurationList;
			buildConfigurations = (
				00DEB59B2365595300F1E0DC /* Debug */,
				00DEB59C2365595300F1E0DC /* Release */,
			);
			defaultConfigurationIsVisible = 0;
			defaultConfigurationName = Release;
		};
		00DEB59D2365595300F1E0DC /* Build configuration list for PBXNativeTarget "Stream 12" */ = {
			isa = XCConfigurationList;
			buildConfigurations = (
				00DEB59E2365595300F1E0DC /* Debug */,
				00DEB59F2365595300F1E0DC /* Release */,
			);
			defaultConfigurationIsVisible = 0;
			defaultConfigurationName = Release;
		};
/* End XCConfigurationList section */
	};
	rootObject = 00DEB5812365595200F1E0DC /* Project object */;
}
