// !$*UTF8*$!
{
	archiveVersion = 1;
	classes = {
	};
	objectVersion = 50;
	objects = {

/* Begin PBXBuildFile section */
		00EAAFB3208F9C4D00801FCE /* AppDelegate.swift in Sources */ = {isa = PBXBuildFile; fileRef = 00EAAFB2208F9C4D00801FCE /* AppDelegate.swift */; };
		00EAAFB5208F9C4D00801FCE /* ViewController.swift in Sources */ = {isa = PBXBuildFile; fileRef = 00EAAFB4208F9C4D00801FCE /* ViewController.swift */; };
		00EAAFB8208F9C4D00801FCE /* Main.storyboard in Resources */ = {isa = PBXBuildFile; fileRef = 00EAAFB6208F9C4D00801FCE /* Main.storyboard */; };
		00EAAFBA208F9C4E00801FCE /* Assets.xcassets in Resources */ = {isa = PBXBuildFile; fileRef = 00EAAFB9208F9C4E00801FCE /* Assets.xcassets */; };
		00EAAFBD208F9C4E00801FCE /* LaunchScreen.storyboard in Resources */ = {isa = PBXBuildFile; fileRef = 00EAAFBB208F9C4E00801FCE /* LaunchScreen.storyboard */; };
/* End PBXBuildFile section */

/* Begin PBXFileReference section */
		00EAAFAF208F9C4D00801FCE /* Spring Animations.app */ = {isa = PBXFileReference; explicitFileType = wrapper.application; includeInIndex = 0; path = "Spring Animations.app"; sourceTree = BUILT_PRODUCTS_DIR; };
		00EAAFB2208F9C4D00801FCE /* AppDelegate.swift */ = {isa = PBXFileReference; lastKnownFileType = sourcecode.swift; path = AppDelegate.swift; sourceTree = "<group>"; };
		00EAAFB4208F9C4D00801FCE /* ViewController.swift */ = {isa = PBXFileReference; lastKnownFileType = sourcecode.swift; path = ViewController.swift; sourceTree = "<group>"; };
		00EAAFB7208F9C4D00801FCE /* Base */ = {isa = PBXFileReference; lastKnownFileType = file.storyboard; name = Base; path = Base.lproj/Main.storyboard; sourceTree = "<group>"; };
		00EAAFB9208F9C4E00801FCE /* Assets.xcassets */ = {isa = PBXFileReference; lastKnownFileType = folder.assetcatalog; path = Assets.xcassets; sourceTree = "<group>"; };
		00EAAFBC208F9C4E00801FCE /* Base */ = {isa = PBXFileReference; lastKnownFileType = file.storyboard; name = Base; path = Base.lproj/LaunchScreen.storyboard; sourceTree = "<group>"; };
		00EAAFBE208F9C4E00801FCE /* Info.plist */ = {isa = PBXFileReference; lastKnownFileType = text.plist.xml; path = Info.plist; sourceTree = "<group>"; };
/* End PBXFileReference section */

/* Begin PBXFrameworksBuildPhase section */
		00EAAFAC208F9C4D00801FCE /* Frameworks */ = {
			isa = PBXFrameworksBuildPhase;
			buildActionMask = 2147483647;
			files = (
			);
			runOnlyForDeploymentPostprocessing = 0;
		};
/* End PBXFrameworksBuildPhase section */

/* Begin PBXGroup section */
		00EAAFA6208F9C4D00801FCE = {
			isa = PBXGroup;
			children = (
				00EAAFB1208F9C4D00801FCE /* Spring Animations */,
				00EAAFB0208F9C4D00801FCE /* Products */,
			);
			sourceTree = "<group>";
		};
		00EAAFB0208F9C4D00801FCE /* Products */ = {
			isa = PBXGroup;
			children = (
				00EAAFAF208F9C4D00801FCE /* Spring Animations.app */,
			);
			name = Products;
			sourceTree = "<group>";
		};
		00EAAFB1208F9C4D00801FCE /* Spring Animations */ = {
			isa = PBXGroup;
			children = (
				00EAAFB2208F9C4D00801FCE /* AppDelegate.swift */,
				00EAAFB4208F9C4D00801FCE /* ViewController.swift */,
				00EAAFB6208F9C4D00801FCE /* Main.storyboard */,
				00EAAFB9208F9C4E00801FCE /* Assets.xcassets */,
				00EAAFBB208F9C4E00801FCE /* LaunchScreen.storyboard */,
				00EAAFBE208F9C4E00801FCE /* Info.plist */,
			);
			path = "Spring Animations";
			sourceTree = "<group>";
		};
/* End PBXGroup section */

/* Begin PBXNativeTarget section */
		00EAAFAE208F9C4D00801FCE /* Spring Animations */ = {
			isa = PBXNativeTarget;
			buildConfigurationList = 00EAAFC1208F9C4E00801FCE /* Build configuration list for PBXNativeTarget "Spring Animations" */;
			buildPhases = (
				00EAAFAB208F9C4D00801FCE /* Sources */,
				00EAAFAC208F9C4D00801FCE /* Frameworks */,
				00EAAFAD208F9C4D00801FCE /* Resources */,
			);
			buildRules = (
			);
			dependencies = (
			);
			name = "Spring Animations";
			productName = "Spring Animations";
			productReference = 00EAAFAF208F9C4D00801FCE /* Spring Animations.app */;
			productType = "com.apple.product-type.application";
		};
/* End PBXNativeTarget section */

/* Begin PBXProject section */
		00EAAFA7208F9C4D00801FCE /* Project object */ = {
			isa = PBXProject;
			attributes = {
				LastSwiftUpdateCheck = 0930;
				LastUpgradeCheck = 0930;
				ORGANIZATIONNAME = "Caleb Wells";
				TargetAttributes = {
					00EAAFAE208F9C4D00801FCE = {
						CreatedOnToolsVersion = 9.3;
					};
				};
			};
			buildConfigurationList = 00EAAFAA208F9C4D00801FCE /* Build configuration list for PBXProject "Spring Animations" */;
			compatibilityVersion = "Xcode 9.3";
			developmentRegion = en;
			hasScannedForEncodings = 0;
			knownRegions = (
				en,
				Base,
			);
			mainGroup = 00EAAFA6208F9C4D00801FCE;
			productRefGroup = 00EAAFB0208F9C4D00801FCE /* Products */;
			projectDirPath = "";
			projectRoot = "";
			targets = (
				00EAAFAE208F9C4D00801FCE /* Spring Animations */,
			);
		};
/* End PBXProject section */

/* Begin PBXResourcesBuildPhase section */
		00EAAFAD208F9C4D00801FCE /* Resources */ = {
			isa = PBXResourcesBuildPhase;
			buildActionMask = 2147483647;
			files = (
				00EAAFBD208F9C4E00801FCE /* LaunchScreen.storyboard in Resources */,
				00EAAFBA208F9C4E00801FCE /* Assets.xcassets in Resources */,
				00EAAFB8208F9C4D00801FCE /* Main.storyboard in Resources */,
			);
			runOnlyForDeploymentPostprocessing = 0;
		};
/* End PBXResourcesBuildPhase section */

/* Begin PBXSourcesBuildPhase section */
		00EAAFAB208F9C4D00801FCE /* Sources */ = {
			isa = PBXSourcesBuildPhase;
			buildActionMask = 2147483647;
			files = (
				00EAAFB5208F9C4D00801FCE /* ViewController.swift in Sources */,
				00EAAFB3208F9C4D00801FCE /* AppDelegate.swift in Sources */,
			);
			runOnlyForDeploymentPostprocessing = 0;
		};
/* End PBXSourcesBuildPhase section */

/* Begin PBXVariantGroup section */
		00EAAFB6208F9C4D00801FCE /* Main.storyboard */ = {
			isa = PBXVariantGroup;
			children = (
				00EAAFB7208F9C4D00801FCE /* Base */,
			);
			name = Main.storyboard;
			sourceTree = "<group>";
		};
		00EAAFBB208F9C4E00801FCE /* LaunchScreen.storyboard */ = {
			isa = PBXVariantGroup;
			children = (
				00EAAFBC208F9C4E00801FCE /* Base */,
			);
			name = LaunchScreen.storyboard;
			sourceTree = "<group>";
		};
/* End PBXVariantGroup section */

/* Begin XCBuildConfiguration section */
		00EAAFBF208F9C4E00801FCE /* Debug */ = {
			isa = XCBuildConfiguration;
			buildSettings = {
				ALWAYS_SEARCH_USER_PATHS = NO;
				CLANG_ANALYZER_NONNULL = YES;
				CLANG_ANALYZER_NUMBER_OBJECT_CONVERSION = YES_AGGRESSIVE;
				CLANG_CXX_LANGUAGE_STANDARD = "gnu++14";
				CLANG_CXX_LIBRARY = "libc++";
				CLANG_ENABLE_MODULES = YES;
				CLANG_ENABLE_OBJC_ARC = YES;
				CLANG_ENABLE_OBJC_WEAK = YES;
				CLANG_WARN_BLOCK_CAPTURE_AUTORELEASING = YES;
				CLANG_WARN_BOOL_CONVERSION = YES;
				CLANG_WARN_COMMA = YES;
				CLANG_WARN_CONSTANT_CONVERSION = YES;
				CLANG_WARN_DEPRECATED_OBJC_IMPLEMENTATIONS = YES;
				CLANG_WARN_DIRECT_OBJC_ISA_USAGE = YES_ERROR;
				CLANG_WARN_DOCUMENTATION_COMMENTS = YES;
				CLANG_WARN_EMPTY_BODY = YES;
				CLANG_WARN_ENUM_CONVERSION = YES;
				CLANG_WARN_INFINITE_RECURSION = YES;
				CLANG_WARN_INT_CONVERSION = YES;
				CLANG_WARN_NON_LITERAL_NULL_CONVERSION = YES;
				CLANG_WARN_OBJC_IMPLICIT_RETAIN_SELF = YES;
				CLANG_WARN_OBJC_LITERAL_CONVERSION = YES;
				CLANG_WARN_OBJC_ROOT_CLASS = YES_ERROR;
				CLANG_WARN_RANGE_LOOP_ANALYSIS = YES;
				CLANG_WARN_STRICT_PROTOTYPES = YES;
				CLANG_WARN_SUSPICIOUS_MOVE = YES;
				CLANG_WARN_UNGUARDED_AVAILABILITY = YES_AGGRESSIVE;
				CLANG_WARN_UNREACHABLE_CODE = YES;
				CLANG_WARN__DUPLICATE_METHOD_MATCH = YES;
				CODE_SIGN_IDENTITY = "iPhone Developer";
				COPY_PHASE_STRIP = NO;
				DEBUG_INFORMATION_FORMAT = dwarf;
				ENABLE_STRICT_OBJC_MSGSEND = YES;
				ENABLE_TESTABILITY = YES;
				GCC_C_LANGUAGE_STANDARD = gnu11;
				GCC_DYNAMIC_NO_PIC = NO;
				GCC_NO_COMMON_BLOCKS = YES;
				GCC_OPTIMIZATION_LEVEL = 0;
				GCC_PREPROCESSOR_DEFINITIONS = (
					"DEBUG=1",
					"$(inherited)",
				);
				GCC_WARN_64_TO_32_BIT_CONVERSION = YES;
				GCC_WARN_ABOUT_RETURN_TYPE = YES_ERROR;
				GCC_WARN_UNDECLARED_SELECTOR = YES;
				GCC_WARN_UNINITIALIZED_AUTOS = YES_AGGRESSIVE;
				GCC_WARN_UNUSED_FUNCTION = YES;
				GCC_WARN_UNUSED_VARIABLE = YES;
				IPHONEOS_DEPLOYMENT_TARGET = 11.3;
				MTL_ENABLE_DEBUG_INFO = YES;
				ONLY_ACTIVE_ARCH = YES;
				SDKROOT = iphoneos;
				SWIFT_ACTIVE_COMPILATION_CONDITIONS = DEBUG;
				SWIFT_OPTIMIZATION_LEVEL = "-Onone";
			};
			name = Debug;
		};
		00EAAFC0208F9C4E00801FCE /* Release */ = {
			isa = XCBuildConfiguration;
			buildSettings = {
				ALWAYS_SEARCH_USER_PATHS = NO;
				CLANG_ANALYZER_NONNULL = YES;
				CLANG_ANALYZER_NUMBER_OBJECT_CONVERSION = YES_AGGRESSIVE;
				CLANG_CXX_LANGUAGE_STANDARD = "gnu++14";
				CLANG_CXX_LIBRARY = "libc++";
				CLANG_ENABLE_MODULES = YES;
				CLANG_ENABLE_OBJC_ARC = YES;
				CLANG_ENABLE_OBJC_WEAK = YES;
				CLANG_WARN_BLOCK_CAPTURE_AUTORELEASING = YES;
				CLANG_WARN_BOOL_CONVERSION = YES;
				CLANG_WARN_COMMA = YES;
				CLANG_WARN_CONSTANT_CONVERSION = YES;
				CLANG_WARN_DEPRECATED_OBJC_IMPLEMENTATIONS = YES;
				CLANG_WARN_DIRECT_OBJC_ISA_USAGE = YES_ERROR;
				CLANG_WARN_DOCUMENTATION_COMMENTS = YES;
				CLANG_WARN_EMPTY_BODY = YES;
				CLANG_WARN_ENUM_CONVERSION = YES;
				CLANG_WARN_INFINITE_RECURSION = YES;
				CLANG_WARN_INT_CONVERSION = YES;
				CLANG_WARN_NON_LITERAL_NULL_CONVERSION = YES;
				CLANG_WARN_OBJC_IMPLICIT_RETAIN_SELF = YES;
				CLANG_WARN_OBJC_LITERAL_CONVERSION = YES;
				CLANG_WARN_OBJC_ROOT_CLASS = YES_ERROR;
				CLANG_WARN_RANGE_LOOP_ANALYSIS = YES;
				CLANG_WARN_STRICT_PROTOTYPES = YES;
				CLANG_WARN_SUSPICIOUS_MOVE = YES;
				CLANG_WARN_UNGUARDED_AVAILABILITY = YES_AGGRESSIVE;
				CLANG_WARN_UNREACHABLE_CODE = YES;
				CLANG_WARN__DUPLICATE_METHOD_MATCH = YES;
				CODE_SIGN_IDENTITY = "iPhone Developer";
				COPY_PHASE_STRIP = NO;
				DEBUG_INFORMATION_FORMAT = "dwarf-with-dsym";
				ENABLE_NS_ASSERTIONS = NO;
				ENABLE_STRICT_OBJC_MSGSEND = YES;
				GCC_C_LANGUAGE_STANDARD = gnu11;
				GCC_NO_COMMON_BLOCKS = YES;
				GCC_WARN_64_TO_32_BIT_CONVERSION = YES;
				GCC_WARN_ABOUT_RETURN_TYPE = YES_ERROR;
				GCC_WARN_UNDECLARED_SELECTOR = YES;
				GCC_WARN_UNINITIALIZED_AUTOS = YES_AGGRESSIVE;
				GCC_WARN_UNUSED_FUNCTION = YES;
				GCC_WARN_UNUSED_VARIABLE = YES;
				IPHONEOS_DEPLOYMENT_TARGET = 11.3;
				MTL_ENABLE_DEBUG_INFO = NO;
				SDKROOT = iphoneos;
				SWIFT_COMPILATION_MODE = wholemodule;
				SWIFT_OPTIMIZATION_LEVEL = "-O";
				VALIDATE_PRODUCT = YES;
			};
			name = Release;
		};
		00EAAFC2208F9C4E00801FCE /* Debug */ = {
			isa = XCBuildConfiguration;
			buildSettings = {
				ASSETCATALOG_COMPILER_APPICON_NAME = AppIcon;
				CODE_SIGN_STYLE = Automatic;
				DEVELOPMENT_TEAM = 33NUGZ4GWE;
				INFOPLIST_FILE = "Spring Animations/Info.plist";
				LD_RUNPATH_SEARCH_PATHS = (
					"$(inherited)",
					"@executable_path/Frameworks",
				);
				PRODUCT_BUNDLE_IDENTIFIER = "com.Spring-Animations";
				PRODUCT_NAME = "$(TARGET_NAME)";
				SWIFT_VERSION = 4.0;
				TARGETED_DEVICE_FAMILY = "1,2";
			};
			name = Debug;
		};
		00EAAFC3208F9C4E00801FCE /* Release */ = {
			isa = XCBuildConfiguration;
			buildSettings = {
				ASSETCATALOG_COMPILER_APPICON_NAME = AppIcon;
				CODE_SIGN_STYLE = Automatic;
				DEVELOPMENT_TEAM = 33NUGZ4GWE;
				INFOPLIST_FILE = "Spring Animations/Info.plist";
				LD_RUNPATH_SEARCH_PATHS = (
					"$(inherited)",
					"@executable_path/Frameworks",
				);
				PRODUCT_BUNDLE_IDENTIFIER = "com.Spring-Animations";
				PRODUCT_NAME = "$(TARGET_NAME)";
				SWIFT_VERSION = 4.0;
				TARGETED_DEVICE_FAMILY = "1,2";
			};
			name = Release;
		};
/* End XCBuildConfiguration section */

/* Begin XCConfigurationList section */
		00EAAFAA208F9C4D00801FCE /* Build configuration list for PBXProject "Spring Animations" */ = {
			isa = XCConfigurationList;
			buildConfigurations = (
				00EAAFBF208F9C4E00801FCE /* Debug */,
				00EAAFC0208F9C4E00801FCE /* Release */,
			);
			defaultConfigurationIsVisible = 0;
			defaultConfigurationName = Release;
		};
		00EAAFC1208F9C4E00801FCE /* Build configuration list for PBXNativeTarget "Spring Animations" */ = {
			isa = XCConfigurationList;
			buildConfigurations = (
				00EAAFC2208F9C4E00801FCE /* Debug */,
				00EAAFC3208F9C4E00801FCE /* Release */,
			);
			defaultConfigurationIsVisible = 0;
			defaultConfigurationName = Release;
		};
/* End XCConfigurationList section */
	};
	rootObject = 00EAAFA7208F9C4D00801FCE /* Project object */;
}
