// !$*UTF8*$!
{
	archiveVersion = 1;
	classes = {
	};
	objectVersion = 50;
	objects = {

/* Begin PBXBuildFile section */
		006D1B5F22E2BCE600D28659 /* AppDelegate.swift in Sources */ = {isa = PBXBuildFile; fileRef = 006D1B5E22E2BCE600D28659 /* AppDelegate.swift */; };
		006D1B6122E2BCE600D28659 /* SceneDelegate.swift in Sources */ = {isa = PBXBuildFile; fileRef = 006D1B6022E2BCE600D28659 /* SceneDelegate.swift */; };
		006D1B6322E2BCE600D28659 /* ContentView.swift in Sources */ = {isa = PBXBuildFile; fileRef = 006D1B6222E2BCE600D28659 /* ContentView.swift */; };
		006D1B6522E2BCE700D28659 /* Assets.xcassets in Resources */ = {isa = PBXBuildFile; fileRef = 006D1B6422E2BCE700D28659 /* Assets.xcassets */; };
		006D1B6822E2BCE700D28659 /* Preview Assets.xcassets in Resources */ = {isa = PBXBuildFile; fileRef = 006D1B6722E2BCE700D28659 /* Preview Assets.xcassets */; };
		006D1B6B22E2BCE700D28659 /* LaunchScreen.storyboard in Resources */ = {isa = PBXBuildFile; fileRef = 006D1B6922E2BCE700D28659 /* LaunchScreen.storyboard */; };
		006D1B7322E2D60100D28659 /* RatingAndReviewsView.swift in Sources */ = {isa = PBXBuildFile; fileRef = 006D1B7222E2D60100D28659 /* RatingAndReviewsView.swift */; };
		007217FF22E4DEF80037190F /* RatingsListView.swift in Sources */ = {isa = PBXBuildFile; fileRef = 007217FE22E4DEF80037190F /* RatingsListView.swift */; };
		0072180122E4F2950037190F /* RatingBoxView.swift in Sources */ = {isa = PBXBuildFile; fileRef = 0072180022E4F2950037190F /* RatingBoxView.swift */; };
		007AF25322E4D73800C156B9 /* NumberRatingView.swift in Sources */ = {isa = PBXBuildFile; fileRef = 007AF25222E4D73800C156B9 /* NumberRatingView.swift */; };
		007AF25522E4D78200C156B9 /* StarView.swift in Sources */ = {isa = PBXBuildFile; fileRef = 007AF25422E4D78200C156B9 /* StarView.swift */; };
		007AF25722E4D7C800C156B9 /* BottomLineView.swift in Sources */ = {isa = PBXBuildFile; fileRef = 007AF25622E4D7C800C156B9 /* BottomLineView.swift */; };
		007AF25922E4D80C00C156B9 /* RatingLineView.swift in Sources */ = {isa = PBXBuildFile; fileRef = 007AF25822E4D80C00C156B9 /* RatingLineView.swift */; };
		007AF25B22E4D92700C156B9 /* TitleAndButtonHStackView.swift in Sources */ = {isa = PBXBuildFile; fileRef = 007AF25A22E4D92700C156B9 /* TitleAndButtonHStackView.swift */; };
		00FF015E22E52CF200AEA27A /* AppDetailView.swift in Sources */ = {isa = PBXBuildFile; fileRef = 00FF015D22E52CF200AEA27A /* AppDetailView.swift */; };
		00FF016022E545F200AEA27A /* RatingsScrollView.swift in Sources */ = {isa = PBXBuildFile; fileRef = 00FF015F22E545F200AEA27A /* RatingsScrollView.swift */; };
		00FF016222E54D5C00AEA27A /* AppImageTitleAndButtonsView.swift in Sources */ = {isa = PBXBuildFile; fileRef = 00FF016122E54D5C00AEA27A /* AppImageTitleAndButtonsView.swift */; };
/* End PBXBuildFile section */

/* Begin PBXFileReference section */
		006D1B5B22E2BCE600D28659 /* Ratings & Reviews.app */ = {isa = PBXFileReference; explicitFileType = wrapper.application; includeInIndex = 0; path = "Ratings & Reviews.app"; sourceTree = BUILT_PRODUCTS_DIR; };
		006D1B5E22E2BCE600D28659 /* AppDelegate.swift */ = {isa = PBXFileReference; lastKnownFileType = sourcecode.swift; path = AppDelegate.swift; sourceTree = "<group>"; };
		006D1B6022E2BCE600D28659 /* SceneDelegate.swift */ = {isa = PBXFileReference; lastKnownFileType = sourcecode.swift; path = SceneDelegate.swift; sourceTree = "<group>"; };
		006D1B6222E2BCE600D28659 /* ContentView.swift */ = {isa = PBXFileReference; lastKnownFileType = sourcecode.swift; path = ContentView.swift; sourceTree = "<group>"; };
		006D1B6422E2BCE700D28659 /* Assets.xcassets */ = {isa = PBXFileReference; lastKnownFileType = folder.assetcatalog; path = Assets.xcassets; sourceTree = "<group>"; };
		006D1B6722E2BCE700D28659 /* Preview Assets.xcassets */ = {isa = PBXFileReference; lastKnownFileType = folder.assetcatalog; path = "Preview Assets.xcassets"; sourceTree = "<group>"; };
		006D1B6A22E2BCE700D28659 /* Base */ = {isa = PBXFileReference; lastKnownFileType = file.storyboard; name = Base; path = Base.lproj/LaunchScreen.storyboard; sourceTree = "<group>"; };
		006D1B6C22E2BCE700D28659 /* Info.plist */ = {isa = PBXFileReference; lastKnownFileType = text.plist.xml; path = Info.plist; sourceTree = "<group>"; };
		006D1B7222E2D60100D28659 /* RatingAndReviewsView.swift */ = {isa = PBXFileReference; lastKnownFileType = sourcecode.swift; path = RatingAndReviewsView.swift; sourceTree = "<group>"; };
		007217FE22E4DEF80037190F /* RatingsListView.swift */ = {isa = PBXFileReference; lastKnownFileType = sourcecode.swift; path = RatingsListView.swift; sourceTree = "<group>"; };
		0072180022E4F2950037190F /* RatingBoxView.swift */ = {isa = PBXFileReference; lastKnownFileType = sourcecode.swift; path = RatingBoxView.swift; sourceTree = "<group>"; };
		007AF25222E4D73800C156B9 /* NumberRatingView.swift */ = {isa = PBXFileReference; lastKnownFileType = sourcecode.swift; path = NumberRatingView.swift; sourceTree = "<group>"; };
		007AF25422E4D78200C156B9 /* StarView.swift */ = {isa = PBXFileReference; lastKnownFileType = sourcecode.swift; path = StarView.swift; sourceTree = "<group>"; };
		007AF25622E4D7C800C156B9 /* BottomLineView.swift */ = {isa = PBXFileReference; lastKnownFileType = sourcecode.swift; path = BottomLineView.swift; sourceTree = "<group>"; };
		007AF25822E4D80C00C156B9 /* RatingLineView.swift */ = {isa = PBXFileReference; lastKnownFileType = sourcecode.swift; path = RatingLineView.swift; sourceTree = "<group>"; };
		007AF25A22E4D92700C156B9 /* TitleAndButtonHStackView.swift */ = {isa = PBXFileReference; lastKnownFileType = sourcecode.swift; path = TitleAndButtonHStackView.swift; sourceTree = "<group>"; };
		00FF015D22E52CF200AEA27A /* AppDetailView.swift */ = {isa = PBXFileReference; lastKnownFileType = sourcecode.swift; path = AppDetailView.swift; sourceTree = "<group>"; };
		00FF015F22E545F200AEA27A /* RatingsScrollView.swift */ = {isa = PBXFileReference; lastKnownFileType = sourcecode.swift; path = RatingsScrollView.swift; sourceTree = "<group>"; };
		00FF016122E54D5C00AEA27A /* AppImageTitleAndButtonsView.swift */ = {isa = PBXFileReference; lastKnownFileType = sourcecode.swift; path = AppImageTitleAndButtonsView.swift; sourceTree = "<group>"; };
/* End PBXFileReference section */

/* Begin PBXFrameworksBuildPhase section */
		006D1B5822E2BCE600D28659 /* Frameworks */ = {
			isa = PBXFrameworksBuildPhase;
			buildActionMask = 2147483647;
			files = (
			);
			runOnlyForDeploymentPostprocessing = 0;
		};
/* End PBXFrameworksBuildPhase section */

/* Begin PBXGroup section */
		006D1B5222E2BCE600D28659 = {
			isa = PBXGroup;
			children = (
				006D1B5D22E2BCE600D28659 /* Ratings & Reviews */,
				006D1B5C22E2BCE600D28659 /* Products */,
			);
			sourceTree = "<group>";
		};
		006D1B5C22E2BCE600D28659 /* Products */ = {
			isa = PBXGroup;
			children = (
				006D1B5B22E2BCE600D28659 /* Ratings & Reviews.app */,
			);
			name = Products;
			sourceTree = "<group>";
		};
		006D1B5D22E2BCE600D28659 /* Ratings & Reviews */ = {
			isa = PBXGroup;
			children = (
				006D1B5E22E2BCE600D28659 /* AppDelegate.swift */,
				006D1B6022E2BCE600D28659 /* SceneDelegate.swift */,
				006D1B6222E2BCE600D28659 /* ContentView.swift */,
				00FF015D22E52CF200AEA27A /* AppDetailView.swift */,
				00FF016122E54D5C00AEA27A /* AppImageTitleAndButtonsView.swift */,
				007AF25A22E4D92700C156B9 /* TitleAndButtonHStackView.swift */,
				007AF25122E4D6FF00C156B9 /* Rating And Reviews */,
				006D1B6422E2BCE700D28659 /* Assets.xcassets */,
				006D1B6922E2BCE700D28659 /* LaunchScreen.storyboard */,
				006D1B6C22E2BCE700D28659 /* Info.plist */,
				006D1B6622E2BCE700D28659 /* Preview Content */,
			);
			path = "Ratings & Reviews";
			sourceTree = "<group>";
		};
		006D1B6622E2BCE700D28659 /* Preview Content */ = {
			isa = PBXGroup;
			children = (
				006D1B6722E2BCE700D28659 /* Preview Assets.xcassets */,
			);
			path = "Preview Content";
			sourceTree = "<group>";
		};
		007AF25122E4D6FF00C156B9 /* Rating And Reviews */ = {
			isa = PBXGroup;
			children = (
				006D1B7222E2D60100D28659 /* RatingAndReviewsView.swift */,
				007AF25222E4D73800C156B9 /* NumberRatingView.swift */,
				007AF25422E4D78200C156B9 /* StarView.swift */,
				007AF25622E4D7C800C156B9 /* BottomLineView.swift */,
				007AF25822E4D80C00C156B9 /* RatingLineView.swift */,
				0072180022E4F2950037190F /* RatingBoxView.swift */,
				007217FE22E4DEF80037190F /* RatingsListView.swift */,
				00FF015F22E545F200AEA27A /* RatingsScrollView.swift */,
			);
			path = "Rating And Reviews";
			sourceTree = "<group>";
		};
/* End PBXGroup section */

/* Begin PBXNativeTarget section */
		006D1B5A22E2BCE600D28659 /* Ratings & Reviews */ = {
			isa = PBXNativeTarget;
			buildConfigurationList = 006D1B6F22E2BCE700D28659 /* Build configuration list for PBXNativeTarget "Ratings & Reviews" */;
			buildPhases = (
				006D1B5722E2BCE600D28659 /* Sources */,
				006D1B5822E2BCE600D28659 /* Frameworks */,
				006D1B5922E2BCE600D28659 /* Resources */,
			);
			buildRules = (
			);
			dependencies = (
			);
			name = "Ratings & Reviews";
			productName = "Ratings & Reviews";
			productReference = 006D1B5B22E2BCE600D28659 /* Ratings & Reviews.app */;
			productType = "com.apple.product-type.application";
		};
/* End PBXNativeTarget section */

/* Begin PBXProject section */
		006D1B5322E2BCE600D28659 /* Project object */ = {
			isa = PBXProject;
			attributes = {
				LastSwiftUpdateCheck = 1100;
				LastUpgradeCheck = 1100;
				ORGANIZATIONNAME = "Caleb Wells";
				TargetAttributes = {
					006D1B5A22E2BCE600D28659 = {
						CreatedOnToolsVersion = 11.0;
					};
				};
			};
			buildConfigurationList = 006D1B5622E2BCE600D28659 /* Build configuration list for PBXProject "Ratings & Reviews" */;
			compatibilityVersion = "Xcode 9.3";
			developmentRegion = en;
			hasScannedForEncodings = 0;
			knownRegions = (
				en,
				Base,
			);
			mainGroup = 006D1B5222E2BCE600D28659;
			productRefGroup = 006D1B5C22E2BCE600D28659 /* Products */;
			projectDirPath = "";
			projectRoot = "";
			targets = (
				006D1B5A22E2BCE600D28659 /* Ratings & Reviews */,
			);
		};
/* End PBXProject section */

/* Begin PBXResourcesBuildPhase section */
		006D1B5922E2BCE600D28659 /* Resources */ = {
			isa = PBXResourcesBuildPhase;
			buildActionMask = 2147483647;
			files = (
				006D1B6B22E2BCE700D28659 /* LaunchScreen.storyboard in Resources */,
				006D1B6822E2BCE700D28659 /* Preview Assets.xcassets in Resources */,
				006D1B6522E2BCE700D28659 /* Assets.xcassets in Resources */,
			);
			runOnlyForDeploymentPostprocessing = 0;
		};
/* End PBXResourcesBuildPhase section */

/* Begin PBXSourcesBuildPhase section */
		006D1B5722E2BCE600D28659 /* Sources */ = {
			isa = PBXSourcesBuildPhase;
			buildActionMask = 2147483647;
			files = (
				00FF016022E545F200AEA27A /* RatingsScrollView.swift in Sources */,
				007AF25522E4D78200C156B9 /* StarView.swift in Sources */,
				00FF015E22E52CF200AEA27A /* AppDetailView.swift in Sources */,
				0072180122E4F2950037190F /* RatingBoxView.swift in Sources */,
				006D1B5F22E2BCE600D28659 /* AppDelegate.swift in Sources */,
				006D1B7322E2D60100D28659 /* RatingAndReviewsView.swift in Sources */,
				007AF25722E4D7C800C156B9 /* BottomLineView.swift in Sources */,
				00FF016222E54D5C00AEA27A /* AppImageTitleAndButtonsView.swift in Sources */,
				007217FF22E4DEF80037190F /* RatingsListView.swift in Sources */,
				007AF25B22E4D92700C156B9 /* TitleAndButtonHStackView.swift in Sources */,
				007AF25322E4D73800C156B9 /* NumberRatingView.swift in Sources */,
				006D1B6122E2BCE600D28659 /* SceneDelegate.swift in Sources */,
				006D1B6322E2BCE600D28659 /* ContentView.swift in Sources */,
				007AF25922E4D80C00C156B9 /* RatingLineView.swift in Sources */,
			);
			runOnlyForDeploymentPostprocessing = 0;
		};
/* End PBXSourcesBuildPhase section */

/* Begin PBXVariantGroup section */
		006D1B6922E2BCE700D28659 /* LaunchScreen.storyboard */ = {
			isa = PBXVariantGroup;
			children = (
				006D1B6A22E2BCE700D28659 /* Base */,
			);
			name = LaunchScreen.storyboard;
			sourceTree = "<group>";
		};
/* End PBXVariantGroup section */

/* Begin XCBuildConfiguration section */
		006D1B6D22E2BCE700D28659 /* Debug */ = {
			isa = XCBuildConfiguration;
			buildSettings = {
				ALWAYS_SEARCH_USER_PATHS = NO;
				CLANG_ANALYZER_NONNULL = YES;
				CLANG_ANALYZER_NUMBER_OBJECT_CONVERSION = YES_AGGRESSIVE;
				CLANG_CXX_LANGUAGE_STANDARD = "gnu++14";
				CLANG_CXX_LIBRARY = "libc++";
				CLANG_ENABLE_MODULES = YES;
				CLANG_ENABLE_OBJC_ARC = YES;
				CLANG_ENABLE_OBJC_WEAK = YES;
				CLANG_WARN_BLOCK_CAPTURE_AUTORELEASING = YES;
				CLANG_WARN_BOOL_CONVERSION = YES;
				CLANG_WARN_COMMA = YES;
				CLANG_WARN_CONSTANT_CONVERSION = YES;
				CLANG_WARN_DEPRECATED_OBJC_IMPLEMENTATIONS = YES;
				CLANG_WARN_DIRECT_OBJC_ISA_USAGE = YES_ERROR;
				CLANG_WARN_DOCUMENTATION_COMMENTS = YES;
				CLANG_WARN_EMPTY_BODY = YES;
				CLANG_WARN_ENUM_CONVERSION = YES;
				CLANG_WARN_INFINITE_RECURSION = YES;
				CLANG_WARN_INT_CONVERSION = YES;
				CLANG_WARN_NON_LITERAL_NULL_CONVERSION = YES;
				CLANG_WARN_OBJC_IMPLICIT_RETAIN_SELF = YES;
				CLANG_WARN_OBJC_LITERAL_CONVERSION = YES;
				CLANG_WARN_OBJC_ROOT_CLASS = YES_ERROR;
				CLANG_WARN_RANGE_LOOP_ANALYSIS = YES;
				CLANG_WARN_STRICT_PROTOTYPES = YES;
				CLANG_WARN_SUSPICIOUS_MOVE = YES;
				CLANG_WARN_UNGUARDED_AVAILABILITY = YES_AGGRESSIVE;
				CLANG_WARN_UNREACHABLE_CODE = YES;
				CLANG_WARN__DUPLICATE_METHOD_MATCH = YES;
				COPY_PHASE_STRIP = NO;
				DEBUG_INFORMATION_FORMAT = dwarf;
				ENABLE_STRICT_OBJC_MSGSEND = YES;
				ENABLE_TESTABILITY = YES;
				GCC_C_LANGUAGE_STANDARD = gnu11;
				GCC_DYNAMIC_NO_PIC = NO;
				GCC_NO_COMMON_BLOCKS = YES;
				GCC_OPTIMIZATION_LEVEL = 0;
				GCC_PREPROCESSOR_DEFINITIONS = (
					"DEBUG=1",
					"$(inherited)",
				);
				GCC_WARN_64_TO_32_BIT_CONVERSION = YES;
				GCC_WARN_ABOUT_RETURN_TYPE = YES_ERROR;
				GCC_WARN_UNDECLARED_SELECTOR = YES;
				GCC_WARN_UNINITIALIZED_AUTOS = YES_AGGRESSIVE;
				GCC_WARN_UNUSED_FUNCTION = YES;
				GCC_WARN_UNUSED_VARIABLE = YES;
				IPHONEOS_DEPLOYMENT_TARGET = 13.0;
				MTL_ENABLE_DEBUG_INFO = INCLUDE_SOURCE;
				MTL_FAST_MATH = YES;
				ONLY_ACTIVE_ARCH = YES;
				SDKROOT = iphoneos;
				SWIFT_ACTIVE_COMPILATION_CONDITIONS = DEBUG;
				SWIFT_OPTIMIZATION_LEVEL = "-Onone";
			};
			name = Debug;
		};
		006D1B6E22E2BCE700D28659 /* Release */ = {
			isa = XCBuildConfiguration;
			buildSettings = {
				ALWAYS_SEARCH_USER_PATHS = NO;
				CLANG_ANALYZER_NONNULL = YES;
				CLANG_ANALYZER_NUMBER_OBJECT_CONVERSION = YES_AGGRESSIVE;
				CLANG_CXX_LANGUAGE_STANDARD = "gnu++14";
				CLANG_CXX_LIBRARY = "libc++";
				CLANG_ENABLE_MODULES = YES;
				CLANG_ENABLE_OBJC_ARC = YES;
				CLANG_ENABLE_OBJC_WEAK = YES;
				CLANG_WARN_BLOCK_CAPTURE_AUTORELEASING = YES;
				CLANG_WARN_BOOL_CONVERSION = YES;
				CLANG_WARN_COMMA = YES;
				CLANG_WARN_CONSTANT_CONVERSION = YES;
				CLANG_WARN_DEPRECATED_OBJC_IMPLEMENTATIONS = YES;
				CLANG_WARN_DIRECT_OBJC_ISA_USAGE = YES_ERROR;
				CLANG_WARN_DOCUMENTATION_COMMENTS = YES;
				CLANG_WARN_EMPTY_BODY = YES;
				CLANG_WARN_ENUM_CONVERSION = YES;
				CLANG_WARN_INFINITE_RECURSION = YES;
				CLANG_WARN_INT_CONVERSION = YES;
				CLANG_WARN_NON_LITERAL_NULL_CONVERSION = YES;
				CLANG_WARN_OBJC_IMPLICIT_RETAIN_SELF = YES;
				CLANG_WARN_OBJC_LITERAL_CONVERSION = YES;
				CLANG_WARN_OBJC_ROOT_CLASS = YES_ERROR;
				CLANG_WARN_RANGE_LOOP_ANALYSIS = YES;
				CLANG_WARN_STRICT_PROTOTYPES = YES;
				CLANG_WARN_SUSPICIOUS_MOVE = YES;
				CLANG_WARN_UNGUARDED_AVAILABILITY = YES_AGGRESSIVE;
				CLANG_WARN_UNREACHABLE_CODE = YES;
				CLANG_WARN__DUPLICATE_METHOD_MATCH = YES;
				COPY_PHASE_STRIP = NO;
				DEBUG_INFORMATION_FORMAT = "dwarf-with-dsym";
				ENABLE_NS_ASSERTIONS = NO;
				ENABLE_STRICT_OBJC_MSGSEND = YES;
				GCC_C_LANGUAGE_STANDARD = gnu11;
				GCC_NO_COMMON_BLOCKS = YES;
				GCC_WARN_64_TO_32_BIT_CONVERSION = YES;
				GCC_WARN_ABOUT_RETURN_TYPE = YES_ERROR;
				GCC_WARN_UNDECLARED_SELECTOR = YES;
				GCC_WARN_UNINITIALIZED_AUTOS = YES_AGGRESSIVE;
				GCC_WARN_UNUSED_FUNCTION = YES;
				GCC_WARN_UNUSED_VARIABLE = YES;
				IPHONEOS_DEPLOYMENT_TARGET = 13.0;
				MTL_ENABLE_DEBUG_INFO = NO;
				MTL_FAST_MATH = YES;
				SDKROOT = iphoneos;
				SWIFT_COMPILATION_MODE = wholemodule;
				SWIFT_OPTIMIZATION_LEVEL = "-O";
				VALIDATE_PRODUCT = YES;
			};
			name = Release;
		};
		006D1B7022E2BCE700D28659 /* Debug */ = {
			isa = XCBuildConfiguration;
			buildSettings = {
				ASSETCATALOG_COMPILER_APPICON_NAME = AppIcon;
				CODE_SIGN_STYLE = Automatic;
				DEVELOPMENT_ASSET_PATHS = "\"Ratings & Reviews\"/Preview\\ Content";
				DEVELOPMENT_TEAM = 33NUGZ4GWE;
				ENABLE_PREVIEWS = YES;
				INFOPLIST_FILE = "Ratings & Reviews/Info.plist";
				LD_RUNPATH_SEARCH_PATHS = (
					"$(inherited)",
					"@executable_path/Frameworks",
				);
				PRODUCT_BUNDLE_IDENTIFIER = "dev.calebwells.Ratings---Reviews";
				PRODUCT_NAME = "$(TARGET_NAME)";
				SWIFT_VERSION = 5.0;
				TARGETED_DEVICE_FAMILY = "1,2";
			};
			name = Debug;
		};
		006D1B7122E2BCE700D28659 /* Release */ = {
			isa = XCBuildConfiguration;
			buildSettings = {
				ASSETCATALOG_COMPILER_APPICON_NAME = AppIcon;
				CODE_SIGN_STYLE = Automatic;
				DEVELOPMENT_ASSET_PATHS = "\"Ratings & Reviews\"/Preview\\ Content";
				DEVELOPMENT_TEAM = 33NUGZ4GWE;
				ENABLE_PREVIEWS = YES;
				INFOPLIST_FILE = "Ratings & Reviews/Info.plist";
				LD_RUNPATH_SEARCH_PATHS = (
					"$(inherited)",
					"@executable_path/Frameworks",
				);
				PRODUCT_BUNDLE_IDENTIFIER = "dev.calebwells.Ratings---Reviews";
				PRODUCT_NAME = "$(TARGET_NAME)";
				SWIFT_VERSION = 5.0;
				TARGETED_DEVICE_FAMILY = "1,2";
			};
			name = Release;
		};
/* End XCBuildConfiguration section */

/* Begin XCConfigurationList section */
		006D1B5622E2BCE600D28659 /* Build configuration list for PBXProject "Ratings & Reviews" */ = {
			isa = XCConfigurationList;
			buildConfigurations = (
				006D1B6D22E2BCE700D28659 /* Debug */,
				006D1B6E22E2BCE700D28659 /* Release */,
			);
			defaultConfigurationIsVisible = 0;
			defaultConfigurationName = Release;
		};
		006D1B6F22E2BCE700D28659 /* Build configuration list for PBXNativeTarget "Ratings & Reviews" */ = {
			isa = XCConfigurationList;
			buildConfigurations = (
				006D1B7022E2BCE700D28659 /* Debug */,
				006D1B7122E2BCE700D28659 /* Release */,
			);
			defaultConfigurationIsVisible = 0;
			defaultConfigurationName = Release;
		};
/* End XCConfigurationList section */
	};
	rootObject = 006D1B5322E2BCE600D28659 /* Project object */;
}
